// !$*UTF8*$!
{
	archiveVersion = 1;
	classes = {
	};
	objectVersion = 46;
	objects = {

/* Begin PBXBuildFile section */
		265E06C03432322C33230F56 /* UIKit.framework in Frameworks */ = {isa = PBXBuildFile; fileRef = 265E06C03432322C33230F55 /* UIKit.framework */; };
		265E06C03432322C33230F58 /* Foundation.framework in Frameworks */ = {isa = PBXBuildFile; fileRef = 265E06C03432322C33230F57 /* Foundation.framework */; };
		265E06C03432322C33230F5A /* CoreGraphics.framework in Frameworks */ = {isa = PBXBuildFile; fileRef = 265E06C03432322C33230F59 /* CoreGraphics.framework */; };
		265E06C03432322C33230F60 /* InfoPlist.strings in Resources */ = {isa = PBXBuildFile; fileRef = 265E06C03432322C33230F5F /* InfoPlist.strings */; };
		265E06C03432322C33230F62 /* main.m in Sources */ = {isa = PBXBuildFile; fileRef = 265E06C03432322C33230F61 /* main.m */; };
		265E06C03432322C33230F66 /* AppDelegate.m in Sources */ = {isa = PBXBuildFile; fileRef = 265E06C03432322C33230F65 /* AppDelegate.m */; };
		265E06C03432322C33230F71 /* SenTestingKit.framework in Frameworks */ = {isa = PBXBuildFile; fileRef = 265E06C03432322C33230F70 /* SenTestingKit.framework */; };
		265E06C03432322C33230F72 /* UIKit.framework in Frameworks */ = {isa = PBXBuildFile; fileRef = 265E06C03432322C33230F55 /* UIKit.framework */; };
		265E06C03432322C33230F73 /* Foundation.framework in Frameworks */ = {isa = PBXBuildFile; fileRef = 265E06C03432322C33230F57 /* Foundation.framework */; };
		265E06C03432322C33230F7B /* InfoPlist.strings in Resources */ = {isa = PBXBuildFile; fileRef = 265E06C03432322C33230F7A /* InfoPlist.strings */; };
		265E06C03432322C33230F7E /* (null) in Sources */ = {isa = PBXBuildFile; };
		265E06C03432322C33230F83 /* background.jpg in Resources */ = {isa = PBXBuildFile; fileRef = 265E06C03432322C33230F82 /* background.jpg */; };
		265E06C03432322C33230F85 /* background@2x.jpg in Resources */ = {isa = PBXBuildFile; fileRef = 265E06C03432322C33230F84 /* background@2x.jpg */; };
		265E06C03432322C33230F87 /* (null) in Sources */ = {isa = PBXBuildFile; };
		265E06C03432322C33230F90 /* (null) in Sources */ = {isa = PBXBuildFile; };
		265E06C03432322C33230F94 /* CategoryListViewController.m in Sources */ = {isa = PBXBuildFile; fileRef = 265E06C03432322C33230F93 /* CategoryListViewController.m */; };
		265E06C03432322C33230F97 /* (null) in Sources */ = {isa = PBXBuildFile; };
		265E06C03432322C33230F9A /* header.png in Resources */ = {isa = PBXBuildFile; fileRef = 265E06C03432322C33230F99 /* header.png */; };
		265E06C03432322C33230F9C /* header@2x.png in Resources */ = {isa = PBXBuildFile; fileRef = 265E06C03432322C33230F9B /* header@2x.png */; };
		265E06C03432322C33230FA0 /* (null) in Resources */ = {isa = PBXBuildFile; };
		265E06C03432322C33230FA2 /* BGColorUtil.m in Sources */ = {isa = PBXBuildFile; fileRef = 265E06C03432322C33230FA1 /* BGColorUtil.m */; };
		265E06C03432322C33230FA5 /* footer.png in Resources */ = {isa = PBXBuildFile; fileRef = 265E06C03432322C33230FA4 /* footer.png */; };
		265E06C03432322C33230FA7 /* footer@2x.png in Resources */ = {isa = PBXBuildFile; fileRef = 265E06C03432322C33230FA6 /* footer@2x.png */; };
		7A1DB4F7159016600026A77B /* TransactionViewController.m in Sources */ = {isa = PBXBuildFile; fileRef = 7A1DB4F5159016600026A77B /* TransactionViewController.m */; };
		7A1DB4F8159016600026A77B /* TransactionViewController.xib in Resources */ = {isa = PBXBuildFile; fileRef = 7A1DB4F6159016600026A77B /* TransactionViewController.xib */; };
		7A1DB4FE159017FC0026A77B /* footer-trimmed.png in Resources */ = {isa = PBXBuildFile; fileRef = 7A1DB4FA159017FC0026A77B /* footer-trimmed.png */; };
		7A1DB4FF159017FC0026A77B /* footer-trimmed@2x.png in Resources */ = {isa = PBXBuildFile; fileRef = 7A1DB4FB159017FC0026A77B /* footer-trimmed@2x.png */; };
		7A1DB500159017FC0026A77B /* header-trimmed.png in Resources */ = {isa = PBXBuildFile; fileRef = 7A1DB4FC159017FC0026A77B /* header-trimmed.png */; };
		7A1DB501159017FC0026A77B /* header-trimmed@2x.png in Resources */ = {isa = PBXBuildFile; fileRef = 7A1DB4FD159017FC0026A77B /* header-trimmed@2x.png */; };
		7A2A52F915950D9B0087DEAB /* BudgetItemFooterView.xib in Resources */ = {isa = PBXBuildFile; fileRef = 7A2A52F815950D9B0087DEAB /* BudgetItemFooterView.xib */; };
		7A4EEC47159411C600F50C24 /* header-blank.png in Resources */ = {isa = PBXBuildFile; fileRef = 7A4EEC45159411C600F50C24 /* header-blank.png */; };
		7A4EEC48159411C600F50C24 /* header-blank@2x.png in Resources */ = {isa = PBXBuildFile; fileRef = 7A4EEC46159411C600F50C24 /* header-blank@2x.png */; };
		7A4EEC4B159411E700F50C24 /* BudgetItemHeaderView.xib in Resources */ = {isa = PBXBuildFile; fileRef = 7A4EEC4A159411E700F50C24 /* BudgetItemHeaderView.xib */; };
		7A4EEC4D1594183300F50C24 /* BudgetItemTableCell.xib in Resources */ = {isa = PBXBuildFile; fileRef = 7A4EEC4C1594183300F50C24 /* BudgetItemTableCell.xib */; };
		7A79D4C2159E7B05000F887F /* BudgetMonthTableViewController.xib in Resources */ = {isa = PBXBuildFile; fileRef = 7A79D4C1159E7B05000F887F /* BudgetMonthTableViewController.xib */; };
		7A8EB818159E5088006C987E /* CreateBudgetViewController.m in Sources */ = {isa = PBXBuildFile; fileRef = 7A8EB816159E5088006C987E /* CreateBudgetViewController.m */; };
		7A8EB819159E5088006C987E /* CreateBudgetViewController.xib in Resources */ = {isa = PBXBuildFile; fileRef = 7A8EB817159E5088006C987E /* CreateBudgetViewController.xib */; };
		7AD41DE01584657E003E7926 /* BudgetTableCell.xib in Resources */ = {isa = PBXBuildFile; fileRef = 7AD41DDF1584657E003E7926 /* BudgetTableCell.xib */; };
		7AECD39E158458E1002EA79C /* BudgetFooterView.xib in Resources */ = {isa = PBXBuildFile; fileRef = 7AECD39D158458E1002EA79C /* BudgetFooterView.xib */; };
		7AF397361584501B0023B057 /* BudgetHeaderView.xib in Resources */ = {isa = PBXBuildFile; fileRef = 7AF397351584501B0023B057 /* BudgetHeaderView.xib */; };
		7AF397361584501B0023B059 /* rounded_button.png in Resources */ = {isa = PBXBuildFile; fileRef = 7AF397361584501B0023B058 /* rounded_button.png */; };
		7AF397361584501B0023B05C /* LSInjector.m in Sources */ = {isa = PBXBuildFile; fileRef = 7AF397361584501B0023B05B /* LSInjector.m */; };
		7AF397361584501B0023B05F /* TestLSInjector.m in Sources */ = {isa = PBXBuildFile; fileRef = 7AF397361584501B0023B05E /* TestLSInjector.m */; };
		7AF397361584501B0023B061 /* BGTabBarController.m in Sources */ = {isa = PBXBuildFile; fileRef = 7AF397361584501B0023B060 /* BGTabBarController.m */; };
		7AF397361584501B0023B064 /* capture-button.png in Resources */ = {isa = PBXBuildFile; fileRef = 7AF397361584501B0023B063 /* capture-button.png */; };
		7AF397361584501B0023B066 /* capture-button@2x.png in Resources */ = {isa = PBXBuildFile; fileRef = 7AF397361584501B0023B065 /* capture-button@2x.png */; };
		7AF397361584501B0023B068 /* 162-receipt.png in Resources */ = {isa = PBXBuildFile; fileRef = 7AF397361584501B0023B067 /* 162-receipt.png */; };
		7AF397361584501B0023B06A /* 162-receipt@2x.png in Resources */ = {isa = PBXBuildFile; fileRef = 7AF397361584501B0023B069 /* 162-receipt@2x.png */; };
		7AF397361584501B0023B06E /* (null) in Resources */ = {isa = PBXBuildFile; };
		7AF397361584501B0023B070 /* 119-piggy-bank.png in Resources */ = {isa = PBXBuildFile; fileRef = 7AF397361584501B0023B06F /* 119-piggy-bank.png */; };
		7AF397361584501B0023B072 /* 119-piggy-bank@2x.png in Resources */ = {isa = PBXBuildFile; fileRef = 7AF397361584501B0023B071 /* 119-piggy-bank@2x.png */; };
		7AF397361584501B0023B074 /* 172-pricetag.png in Resources */ = {isa = PBXBuildFile; fileRef = 7AF397361584501B0023B073 /* 172-pricetag.png */; };
		7AF397361584501B0023B076 /* 172-pricetag@2x.png in Resources */ = {isa = PBXBuildFile; fileRef = 7AF397361584501B0023B075 /* 172-pricetag@2x.png */; };
		7AF397361584501B0023B078 /* BudgetViewController.m in Sources */ = {isa = PBXBuildFile; fileRef = 7AF397361584501B0023B077 /* BudgetViewController.m */; };
		7AF397361584501B0023B07B /* Museo900-Regular.otf in Resources */ = {isa = PBXBuildFile; fileRef = 7AF397361584501B0023B07A /* Museo900-Regular.otf */; };
		7AF397361584501B0023B07D /* tab-bar.png in Resources */ = {isa = PBXBuildFile; fileRef = 7AF397361584501B0023B07C /* tab-bar.png */; };
		7AF397361584501B0023B07F /* tab-bar@2x.png in Resources */ = {isa = PBXBuildFile; fileRef = 7AF397361584501B0023B07E /* tab-bar@2x.png */; };
		7AF397361584501B0023B081 /* navigation-bar.png in Resources */ = {isa = PBXBuildFile; fileRef = 7AF397361584501B0023B080 /* navigation-bar.png */; };
		7AF397361584501B0023B083 /* navigation-bar@2x.png in Resources */ = {isa = PBXBuildFile; fileRef = 7AF397361584501B0023B082 /* navigation-bar@2x.png */; };
		7AF397361584501B0023B085 /* 83-calendar.png in Resources */ = {isa = PBXBuildFile; fileRef = 7AF397361584501B0023B084 /* 83-calendar.png */; };
		7AF397361584501B0023B087 /* 83-calendar@2x.png in Resources */ = {isa = PBXBuildFile; fileRef = 7AF397361584501B0023B086 /* 83-calendar@2x.png */; };
		7AF397361584501B0023B089 /* cameraTabBarItem.png in Resources */ = {isa = PBXBuildFile; fileRef = 7AF397361584501B0023B088 /* cameraTabBarItem.png */; };
		7AF397361584501B0023B08B /* cameraTabBarItem@2x.png in Resources */ = {isa = PBXBuildFile; fileRef = 7AF397361584501B0023B08A /* cameraTabBarItem@2x.png */; };
		7AF397361584501B0023B08D /* 259-list.png in Resources */ = {isa = PBXBuildFile; fileRef = 7AF397361584501B0023B08C /* 259-list.png */; };
		7AF397361584501B0023B08F /* 259-list@2x.png in Resources */ = {isa = PBXBuildFile; fileRef = 7AF397361584501B0023B08E /* 259-list@2x.png */; };
		7AF397361584501B0023B09A /* (null) in Sources */ = {isa = PBXBuildFile; };
		7AF397361584501B0023B09E /* (null) in Sources */ = {isa = PBXBuildFile; };
		7AF397361584501B0023B0A1 /* (null) in Sources */ = {isa = PBXBuildFile; };
		7AF397361584501B0023B0A4 /* (null) in Sources */ = {isa = PBXBuildFile; };
		7AF397361584501B0023B0A7 /* (null) in Sources */ = {isa = PBXBuildFile; };
		7AF397361584501B0023B0A9 /* BGNotificationNames.m in Sources */ = {isa = PBXBuildFile; fileRef = 7AF397361584501B0023B0A8 /* BGNotificationNames.m */; };
		7AF397361584501B0023B0AC /* BudgetItemListViewController.m in Sources */ = {isa = PBXBuildFile; fileRef = 7AF397361584501B0023B0AB /* BudgetItemListViewController.m */; };
		7AF397361584501B0023B0AF /* BGShadowUtil.m in Sources */ = {isa = PBXBuildFile; fileRef = 7AF397361584501B0023B0AE /* BGShadowUtil.m */; };
		7AFBD2B815962CF700C875AB /* App-Icon.png in Resources */ = {isa = PBXBuildFile; fileRef = 7AFBD2B715962CF700C875AB /* App-Icon.png */; };
		7AFBD2BA15962D1D00C875AB /* App-Icon-small.png in Resources */ = {isa = PBXBuildFile; fileRef = 7AFBD2B915962D1D00C875AB /* App-Icon-small.png */; };
		7AFBD2BC159632D000C875AB /* Default@2x.png in Resources */ = {isa = PBXBuildFile; fileRef = 7AFBD2BB159632D000C875AB /* Default@2x.png */; };
		7AFBD2BE159632D200C875AB /* Default.png in Resources */ = {isa = PBXBuildFile; fileRef = 7AFBD2BD159632D200C875AB /* Default.png */; };
		7AFBD2C115964B2A00C875AB /* banner-blue.png in Resources */ = {isa = PBXBuildFile; fileRef = 7AFBD2BF15964B2A00C875AB /* banner-blue.png */; };
		7AFBD2C215964B2A00C875AB /* banner-blue@2x.png in Resources */ = {isa = PBXBuildFile; fileRef = 7AFBD2C015964B2A00C875AB /* banner-blue@2x.png */; };
		7AFBD2C41596535600C875AB /* SummaryIncomeTableCell.xib in Resources */ = {isa = PBXBuildFile; fileRef = 7AFBD2C31596535600C875AB /* SummaryIncomeTableCell.xib */; };
		7AFBD2C81596567C00C875AB /* SummaryHeaderView.xib in Resources */ = {isa = PBXBuildFile; fileRef = 7AFBD2C71596567C00C875AB /* SummaryHeaderView.xib */; };
		7AFBD2CA15965C7400C875AB /* SummaryFooterView.xib in Resources */ = {isa = PBXBuildFile; fileRef = 7AFBD2C915965C7400C875AB /* SummaryFooterView.xib */; };
		7AFBD2CD159668FF00C875AB /* chart-placeholder.png in Resources */ = {isa = PBXBuildFile; fileRef = 7AFBD2CB159668FF00C875AB /* chart-placeholder.png */; };
		7AFBD2CE159668FF00C875AB /* chart-placeholder@2x.png in Resources */ = {isa = PBXBuildFile; fileRef = 7AFBD2CC159668FF00C875AB /* chart-placeholder@2x.png */; };
		7AFBD2CE159668FF00C875AF /* PPRevealSideViewController.m in Sources */ = {isa = PBXBuildFile; fileRef = 7AFBD2CE159668FF00C875AE /* PPRevealSideViewController.m */; };
		7AFBD2CE159668FF00C875B1 /* BudgetMonthTableViewController.m in Sources */ = {isa = PBXBuildFile; fileRef = 7AFBD2CE159668FF00C875B0 /* BudgetMonthTableViewController.m */; };
		7AFBD2DC15968BBA00C875AB /* CoreData.framework in Frameworks */ = {isa = PBXBuildFile; fileRef = 7AFBD2DB15968BBA00C875AB /* CoreData.framework */; };
		7AFBD2E115968C4900C875AB /* Budgey.xcdatamodeld in Sources */ = {isa = PBXBuildFile; fileRef = 7AFBD2DF15968C4900C875AB /* Budgey.xcdatamodeld */; };
		7AFBD2EB15969A7A00C875AB /* BGBudget.m in Sources */ = {isa = PBXBuildFile; fileRef = 7AFBD2EA15969A7A00C875AB /* BGBudget.m */; };
		7AFBD2EE15969AC600C875AB /* BGCategory.m in Sources */ = {isa = PBXBuildFile; fileRef = 7AFBD2ED15969AC600C875AB /* BGCategory.m */; };
		7AFBD2F115969AD600C875AB /* BGBudgetItem.m in Sources */ = {isa = PBXBuildFile; fileRef = 7AFBD2F015969AD600C875AB /* BGBudgetItem.m */; };
		7AFBD2F415969AEA00C875AB /* BGTransaction.m in Sources */ = {isa = PBXBuildFile; fileRef = 7AFBD2F315969AEA00C875AB /* BGTransaction.m */; };
		7AFBD2F415969AEA00C875B0 /* UUIDUtil.m in Sources */ = {isa = PBXBuildFile; fileRef = 7AFBD2F415969AEA00C875AF /* UUIDUtil.m */; };
		7AFBD2F415969AEA00C875B7 /* MagicalImportFunctions.m in Sources */ = {isa = PBXBuildFile; fileRef = 7AFBD2F415969AEA00C875B6 /* MagicalImportFunctions.m */; };
		7AFBD2F415969AEA00C875BA /* NSAttributeDescription+MagicalDataImport.m in Sources */ = {isa = PBXBuildFile; fileRef = 7AFBD2F415969AEA00C875B9 /* NSAttributeDescription+MagicalDataImport.m */; };
		7AFBD2F415969AEA00C875BD /* NSEntityDescription+MagicalDataImport.m in Sources */ = {isa = PBXBuildFile; fileRef = 7AFBD2F415969AEA00C875BC /* NSEntityDescription+MagicalDataImport.m */; };
		7AFBD2F415969AEA00C875C0 /* NSNumber+MagicalDataImport.m in Sources */ = {isa = PBXBuildFile; fileRef = 7AFBD2F415969AEA00C875BF /* NSNumber+MagicalDataImport.m */; };
		7AFBD2F415969AEA00C875C3 /* NSObject+MagicalDataImport.m in Sources */ = {isa = PBXBuildFile; fileRef = 7AFBD2F415969AEA00C875C2 /* NSObject+MagicalDataImport.m */; };
		7AFBD2F415969AEA00C875C6 /* NSRelationshipDescription+MagicalDataImport.m in Sources */ = {isa = PBXBuildFile; fileRef = 7AFBD2F415969AEA00C875C5 /* NSRelationshipDescription+MagicalDataImport.m */; };
		7AFBD2F415969AEA00C875C9 /* NSString+MagicalDataImport.m in Sources */ = {isa = PBXBuildFile; fileRef = 7AFBD2F415969AEA00C875C8 /* NSString+MagicalDataImport.m */; };
		7AFBD2F415969AEA00C875CD /* NSManagedObject+MagicalAggregation.m in Sources */ = {isa = PBXBuildFile; fileRef = 7AFBD2F415969AEA00C875CC /* NSManagedObject+MagicalAggregation.m */; };
		7AFBD2F415969AEA00C875D0 /* NSManagedObject+MagicalDataImport.m in Sources */ = {isa = PBXBuildFile; fileRef = 7AFBD2F415969AEA00C875CF /* NSManagedObject+MagicalDataImport.m */; };
		7AFBD2F415969AEA00C875D3 /* NSManagedObject+MagicalFinders.m in Sources */ = {isa = PBXBuildFile; fileRef = 7AFBD2F415969AEA00C875D2 /* NSManagedObject+MagicalFinders.m */; };
		7AFBD2F415969AEA00C875D6 /* NSManagedObject+MagicalRecord.m in Sources */ = {isa = PBXBuildFile; fileRef = 7AFBD2F415969AEA00C875D5 /* NSManagedObject+MagicalRecord.m */; };
		7AFBD2F415969AEA00C875D9 /* NSManagedObject+MagicalRequests.m in Sources */ = {isa = PBXBuildFile; fileRef = 7AFBD2F415969AEA00C875D8 /* NSManagedObject+MagicalRequests.m */; };
		7AFBD2F415969AEA00C875DD /* NSManagedObjectContext+MagicalObserving.m in Sources */ = {isa = PBXBuildFile; fileRef = 7AFBD2F415969AEA00C875DC /* NSManagedObjectContext+MagicalObserving.m */; };
		7AFBD2F415969AEA00C875E0 /* NSManagedObjectContext+MagicalRecord.m in Sources */ = {isa = PBXBuildFile; fileRef = 7AFBD2F415969AEA00C875DF /* NSManagedObjectContext+MagicalRecord.m */; };
		7AFBD2F415969AEA00C875E3 /* NSManagedObjectContext+MagicalSaves.m in Sources */ = {isa = PBXBuildFile; fileRef = 7AFBD2F415969AEA00C875E2 /* NSManagedObjectContext+MagicalSaves.m */; };
		7AFBD2F415969AEA00C875E6 /* NSManagedObjectContext+MagicalThreading.m in Sources */ = {isa = PBXBuildFile; fileRef = 7AFBD2F415969AEA00C875E5 /* NSManagedObjectContext+MagicalThreading.m */; };
		7AFBD2F415969AEA00C875E9 /* NSManagedObjectModel+MagicalRecord.m in Sources */ = {isa = PBXBuildFile; fileRef = 7AFBD2F415969AEA00C875E8 /* NSManagedObjectModel+MagicalRecord.m */; };
		7AFBD2F415969AEA00C875EC /* NSPersistentStore+MagicalRecord.m in Sources */ = {isa = PBXBuildFile; fileRef = 7AFBD2F415969AEA00C875EB /* NSPersistentStore+MagicalRecord.m */; };
		7AFBD2F415969AEA00C875EF /* NSPersistentStoreCoordinator+MagicalRecord.m in Sources */ = {isa = PBXBuildFile; fileRef = 7AFBD2F415969AEA00C875EE /* NSPersistentStoreCoordinator+MagicalRecord.m */; };
		7AFBD2F415969AEA00C875F3 /* MagicalRecord+Actions.m in Sources */ = {isa = PBXBuildFile; fileRef = 7AFBD2F415969AEA00C875F2 /* MagicalRecord+Actions.m */; };
		7AFBD2F415969AEA00C875F6 /* MagicalRecord+ErrorHandling.m in Sources */ = {isa = PBXBuildFile; fileRef = 7AFBD2F415969AEA00C875F5 /* MagicalRecord+ErrorHandling.m */; };
		7AFBD2F415969AEA00C875F9 /* MagicalRecord+iCloud.m in Sources */ = {isa = PBXBuildFile; fileRef = 7AFBD2F415969AEA00C875F8 /* MagicalRecord+iCloud.m */; };
		7AFBD2F415969AEA00C875FC /* MagicalRecord+Options.m in Sources */ = {isa = PBXBuildFile; fileRef = 7AFBD2F415969AEA00C875FB /* MagicalRecord+Options.m */; };
		7AFBD2F415969AEA00C875FF /* MagicalRecord+Setup.m in Sources */ = {isa = PBXBuildFile; fileRef = 7AFBD2F415969AEA00C875FE /* MagicalRecord+Setup.m */; };
		7AFBD2F415969AEA00C87602 /* MagicalRecord+ShorthandSupport.m in Sources */ = {isa = PBXBuildFile; fileRef = 7AFBD2F415969AEA00C87601 /* MagicalRecord+ShorthandSupport.m */; };
		7AFBD2F415969AEA00C87605 /* MagicalRecord.m in Sources */ = {isa = PBXBuildFile; fileRef = 7AFBD2F415969AEA00C87604 /* MagicalRecord.m */; };
		7AFBD2F415969AEA00C87609 /* save-button.png in Resources */ = {isa = PBXBuildFile; fileRef = 7AFBD2F415969AEA00C87608 /* save-button.png */; };
		7AFBD2F415969AEA00C8760B /* save-button@2x.png in Resources */ = {isa = PBXBuildFile; fileRef = 7AFBD2F415969AEA00C8760A /* save-button@2x.png */; };
		7AFBD2F415969AEA00C8760D /* cancel-button.png in Resources */ = {isa = PBXBuildFile; fileRef = 7AFBD2F415969AEA00C8760C /* cancel-button.png */; };
		7AFBD2F415969AEA00C8760F /* cancel-button@2x.png in Resources */ = {isa = PBXBuildFile; fileRef = 7AFBD2F415969AEA00C8760E /* cancel-button@2x.png */; };
		7AFBD2F415969AEA00C87611 /* BGBudgetManager.m in Sources */ = {isa = PBXBuildFile; fileRef = 7AFBD2F415969AEA00C87610 /* BGBudgetManager.m */; };
		7AFBD2F415969AEA00C87614 /* BGManager.m in Sources */ = {isa = PBXBuildFile; fileRef = 7AFBD2F415969AEA00C87613 /* BGManager.m */; };
		7AFBD2F415969AEA00C87617 /* (null) in Sources */ = {isa = PBXBuildFile; };
		7AFBD2F415969AEA00C87619 /* BudgetHeaderView.m in Sources */ = {isa = PBXBuildFile; fileRef = 7AFBD2F415969AEA00C87618 /* BudgetHeaderView.m */; };
		7AFBD2F415969AEA00C8761C /* BudgetTableCell.m in Sources */ = {isa = PBXBuildFile; fileRef = 7AFBD2F415969AEA00C8761B /* BudgetTableCell.m */; };
		7AFBD2F415969AEA00C8761F /* BudgetItemTableCell.m in Sources */ = {isa = PBXBuildFile; fileRef = 7AFBD2F415969AEA00C8761E /* BudgetItemTableCell.m */; };
		7AFBD2F415969AEA00C87622 /* BGTransactionManager.m in Sources */ = {isa = PBXBuildFile; fileRef = 7AFBD2F415969AEA00C87621 /* BGTransactionManager.m */; };
		7AFBD2F415969AEA00C87625 /* BudgetItemHeaderView.m in Sources */ = {isa = PBXBuildFile; fileRef = 7AFBD2F415969AEA00C87624 /* BudgetItemHeaderView.m */; };
		7AFBD2F415969AEA00C87628 /* BudgetFooterView.m in Sources */ = {isa = PBXBuildFile; fileRef = 7AFBD2F415969AEA00C87627 /* BudgetFooterView.m */; };
		7AFBD2F415969AEA00C8762B /* SummaryHeaderView.m in Sources */ = {isa = PBXBuildFile; fileRef = 7AFBD2F415969AEA00C8762A /* SummaryHeaderView.m */; };
		7AFBD2F415969AEA00C8762E /* SummaryTableCell.m in Sources */ = {isa = PBXBuildFile; fileRef = 7AFBD2F415969AEA00C8762D /* SummaryTableCell.m */; };
		7AFBD2F415969AEA00C87631 /* SummaryFooterView.m in Sources */ = {isa = PBXBuildFile; fileRef = 7AFBD2F415969AEA00C87630 /* SummaryFooterView.m */; };
		7AFBD2F415969AEA00C87634 /* BGBudgetItemManager.m in Sources */ = {isa = PBXBuildFile; fileRef = 7AFBD2F415969AEA00C87633 /* BGBudgetItemManager.m */; };
/* End PBXBuildFile section */

/* Begin PBXContainerItemProxy section */
		265E06C03432322C33230F74 /* PBXContainerItemProxy */ = {
			isa = PBXContainerItemProxy;
			containerPortal = 265E06C03432322C33230F46 /* Project object */;
			proxyType = 1;
			remoteGlobalIDString = 265E06C03432322C33230F4D;
			remoteInfo = Budgey;
		};
/* End PBXContainerItemProxy section */

/* Begin PBXFileReference section */
		265E06C03432322C33230F4C /* Budgey.app */ = {isa = PBXFileReference; explicitFileType = wrapper.application; includeInIndex = 0; path = Budgey.app; sourceTree = BUILT_PRODUCTS_DIR; };
		265E06C03432322C33230F55 /* UIKit.framework */ = {isa = PBXFileReference; lastKnownFileType = wrapper.framework; name = UIKit.framework; path = System/Library/Frameworks/UIKit.framework; sourceTree = SDKROOT; };
		265E06C03432322C33230F57 /* Foundation.framework */ = {isa = PBXFileReference; lastKnownFileType = wrapper.framework; name = Foundation.framework; path = System/Library/Frameworks/Foundation.framework; sourceTree = SDKROOT; };
		265E06C03432322C33230F59 /* CoreGraphics.framework */ = {isa = PBXFileReference; lastKnownFileType = wrapper.framework; name = CoreGraphics.framework; path = System/Library/Frameworks/CoreGraphics.framework; sourceTree = SDKROOT; };
		265E06C03432322C33230F5D /* Budgey-Info.plist */ = {isa = PBXFileReference; lastKnownFileType = text.plist.info; path = "Budgey-Info.plist"; sourceTree = "<group>"; };
		265E06C03432322C33230F5E /* en */ = {isa = PBXFileReference; lastKnownFileType = text.plist.strings; name = en; path = en.lproj/InfoPlist.strings; sourceTree = "<group>"; };
		265E06C03432322C33230F61 /* main.m */ = {isa = PBXFileReference; lastKnownFileType = sourcecode.c.objc; path = main.m; sourceTree = "<group>"; };
		265E06C03432322C33230F63 /* Budgey-Prefix.pch */ = {isa = PBXFileReference; lastKnownFileType = sourcecode.c.h; path = "Budgey-Prefix.pch"; sourceTree = "<group>"; };
		265E06C03432322C33230F64 /* AppDelegate.h */ = {isa = PBXFileReference; lastKnownFileType = sourcecode.c.h; path = AppDelegate.h; sourceTree = "<group>"; };
		265E06C03432322C33230F65 /* AppDelegate.m */ = {isa = PBXFileReference; lastKnownFileType = sourcecode.c.objc; path = AppDelegate.m; sourceTree = "<group>"; };
		265E06C03432322C33230F67 /* BudgeyTests.octest */ = {isa = PBXFileReference; explicitFileType = wrapper.cfbundle; includeInIndex = 0; path = BudgeyTests.octest; sourceTree = BUILT_PRODUCTS_DIR; };
		265E06C03432322C33230F70 /* SenTestingKit.framework */ = {isa = PBXFileReference; lastKnownFileType = wrapper.framework; name = SenTestingKit.framework; path = Library/Frameworks/SenTestingKit.framework; sourceTree = DEVELOPER_DIR; };
		265E06C03432322C33230F78 /* BudgeyTests-Info.plist */ = {isa = PBXFileReference; lastKnownFileType = text.plist.info; path = "BudgeyTests-Info.plist"; sourceTree = "<group>"; };
		265E06C03432322C33230F79 /* en */ = {isa = PBXFileReference; lastKnownFileType = text.plist.strings; name = en; path = en.lproj/InfoPlist.strings; sourceTree = "<group>"; };
		265E06C03432322C33230F82 /* background.jpg */ = {isa = PBXFileReference; lastKnownFileType = image.jpeg; path = background.jpg; sourceTree = "<group>"; };
		265E06C03432322C33230F84 /* background@2x.jpg */ = {isa = PBXFileReference; lastKnownFileType = image.jpeg; path = "background@2x.jpg"; sourceTree = "<group>"; };
		265E06C03432322C33230F93 /* CategoryListViewController.m */ = {isa = PBXFileReference; fileEncoding = 4; lastKnownFileType = sourcecode.c.objc; path = CategoryListViewController.m; sourceTree = "<group>"; };
		265E06C03432322C33230F95 /* CategoryListViewController.h */ = {isa = PBXFileReference; fileEncoding = 4; lastKnownFileType = sourcecode.c.h; path = CategoryListViewController.h; sourceTree = "<group>"; };
		265E06C03432322C33230F99 /* header.png */ = {isa = PBXFileReference; lastKnownFileType = image.png; path = header.png; sourceTree = "<group>"; };
		265E06C03432322C33230F9B /* header@2x.png */ = {isa = PBXFileReference; lastKnownFileType = image.png; path = "header@2x.png"; sourceTree = "<group>"; };
		265E06C03432322C33230FA1 /* BGColorUtil.m */ = {isa = PBXFileReference; fileEncoding = 4; lastKnownFileType = sourcecode.c.objc; path = BGColorUtil.m; sourceTree = "<group>"; };
		265E06C03432322C33230FA3 /* BGColorUtil.h */ = {isa = PBXFileReference; fileEncoding = 4; lastKnownFileType = sourcecode.c.h; path = BGColorUtil.h; sourceTree = "<group>"; };
		265E06C03432322C33230FA4 /* footer.png */ = {isa = PBXFileReference; lastKnownFileType = image.png; path = footer.png; sourceTree = "<group>"; };
		265E06C03432322C33230FA6 /* footer@2x.png */ = {isa = PBXFileReference; lastKnownFileType = image.png; path = "footer@2x.png"; sourceTree = "<group>"; };
		7A1DB4F4159016600026A77B /* TransactionViewController.h */ = {isa = PBXFileReference; fileEncoding = 4; lastKnownFileType = sourcecode.c.h; path = TransactionViewController.h; sourceTree = "<group>"; };
		7A1DB4F5159016600026A77B /* TransactionViewController.m */ = {isa = PBXFileReference; fileEncoding = 4; lastKnownFileType = sourcecode.c.objc; path = TransactionViewController.m; sourceTree = "<group>"; };
		7A1DB4F6159016600026A77B /* TransactionViewController.xib */ = {isa = PBXFileReference; fileEncoding = 4; lastKnownFileType = file.xib; name = TransactionViewController.xib; path = ../Controller/Budget/TransactionViewController.xib; sourceTree = "<group>"; };
		7A1DB4FA159017FC0026A77B /* footer-trimmed.png */ = {isa = PBXFileReference; lastKnownFileType = image.png; path = "footer-trimmed.png"; sourceTree = "<group>"; };
		7A1DB4FB159017FC0026A77B /* footer-trimmed@2x.png */ = {isa = PBXFileReference; lastKnownFileType = image.png; path = "footer-trimmed@2x.png"; sourceTree = "<group>"; };
		7A1DB4FC159017FC0026A77B /* header-trimmed.png */ = {isa = PBXFileReference; lastKnownFileType = image.png; path = "header-trimmed.png"; sourceTree = "<group>"; };
		7A1DB4FD159017FC0026A77B /* header-trimmed@2x.png */ = {isa = PBXFileReference; lastKnownFileType = image.png; path = "header-trimmed@2x.png"; sourceTree = "<group>"; };
		7A24E26E15A63A0500289FDF /* Cocoa.framework */ = {isa = PBXFileReference; lastKnownFileType = wrapper.framework; name = Cocoa.framework; path = Library/Frameworks/Cocoa.framework; sourceTree = DEVELOPER_DIR; };
		7A24E27115A63A0500289FDF /* AppKit.framework */ = {isa = PBXFileReference; lastKnownFileType = wrapper.framework; name = AppKit.framework; path = Library/Frameworks/AppKit.framework; sourceTree = SDKROOT; };
		7A24E27215A63A0500289FDF /* CoreData.framework */ = {isa = PBXFileReference; lastKnownFileType = wrapper.framework; name = CoreData.framework; path = Library/Frameworks/CoreData.framework; sourceTree = SDKROOT; };
		7A24E27315A63A0500289FDF /* Foundation.framework */ = {isa = PBXFileReference; lastKnownFileType = wrapper.framework; name = Foundation.framework; path = Library/Frameworks/Foundation.framework; sourceTree = SDKROOT; };
		7A2A52F815950D9B0087DEAB /* BudgetItemFooterView.xib */ = {isa = PBXFileReference; fileEncoding = 4; lastKnownFileType = file.xib; path = BudgetItemFooterView.xib; sourceTree = "<group>"; };
		7A3343DB15A8A505000C9FD6 /* QuartzCore.framework */ = {isa = PBXFileReference; lastKnownFileType = wrapper.framework; name = QuartzCore.framework; path = ../../../../Applications/Xcode.app/Contents/Developer/Platforms/MacOSX.platform/Developer/SDKs/MacOSX10.7.sdk/System/Library/Frameworks/QuartzCore.framework; sourceTree = DEVELOPER_DIR; };
		7A4EEC45159411C600F50C24 /* header-blank.png */ = {isa = PBXFileReference; lastKnownFileType = image.png; path = "header-blank.png"; sourceTree = "<group>"; };
		7A4EEC46159411C600F50C24 /* header-blank@2x.png */ = {isa = PBXFileReference; lastKnownFileType = image.png; path = "header-blank@2x.png"; sourceTree = "<group>"; };
		7A4EEC4A159411E700F50C24 /* BudgetItemHeaderView.xib */ = {isa = PBXFileReference; fileEncoding = 4; lastKnownFileType = file.xib; path = BudgetItemHeaderView.xib; sourceTree = "<group>"; };
		7A4EEC4C1594183300F50C24 /* BudgetItemTableCell.xib */ = {isa = PBXFileReference; fileEncoding = 4; lastKnownFileType = file.xib; path = BudgetItemTableCell.xib; sourceTree = "<group>"; };
		7A79D4C1159E7B05000F887F /* BudgetMonthTableViewController.xib */ = {isa = PBXFileReference; fileEncoding = 4; lastKnownFileType = file.xib; path = BudgetMonthTableViewController.xib; sourceTree = "<group>"; };
		7A8EB815159E5088006C987E /* CreateBudgetViewController.h */ = {isa = PBXFileReference; fileEncoding = 4; lastKnownFileType = sourcecode.c.h; name = CreateBudgetViewController.h; path = ../../View/CreateBudgetViewController.h; sourceTree = "<group>"; };
		7A8EB816159E5088006C987E /* CreateBudgetViewController.m */ = {isa = PBXFileReference; fileEncoding = 4; lastKnownFileType = sourcecode.c.objc; name = CreateBudgetViewController.m; path = ../../View/CreateBudgetViewController.m; sourceTree = "<group>"; };
		7A8EB817159E5088006C987E /* CreateBudgetViewController.xib */ = {isa = PBXFileReference; fileEncoding = 4; lastKnownFileType = file.xib; path = CreateBudgetViewController.xib; sourceTree = "<group>"; };
		7AD41DDF1584657E003E7926 /* BudgetTableCell.xib */ = {isa = PBXFileReference; fileEncoding = 4; lastKnownFileType = file.xib; path = BudgetTableCell.xib; sourceTree = "<group>"; };
		7AECD39D158458E1002EA79C /* BudgetFooterView.xib */ = {isa = PBXFileReference; fileEncoding = 4; lastKnownFileType = file.xib; path = BudgetFooterView.xib; sourceTree = "<group>"; };
		7AF397351584501B0023B057 /* BudgetHeaderView.xib */ = {isa = PBXFileReference; fileEncoding = 4; lastKnownFileType = file.xib; path = BudgetHeaderView.xib; sourceTree = "<group>"; };
		7AF397361584501B0023B058 /* rounded_button.png */ = {isa = PBXFileReference; lastKnownFileType = image.png; path = rounded_button.png; sourceTree = "<group>"; };
		7AF397361584501B0023B05B /* LSInjector.m */ = {isa = PBXFileReference; fileEncoding = 4; lastKnownFileType = sourcecode.c.objc; path = LSInjector.m; sourceTree = "<group>"; };
		7AF397361584501B0023B05D /* LSInjector.h */ = {isa = PBXFileReference; fileEncoding = 4; lastKnownFileType = sourcecode.c.h; path = LSInjector.h; sourceTree = "<group>"; };
		7AF397361584501B0023B05E /* TestLSInjector.m */ = {isa = PBXFileReference; fileEncoding = 4; lastKnownFileType = sourcecode.c.objc; path = TestLSInjector.m; sourceTree = "<group>"; };
		7AF397361584501B0023B060 /* BGTabBarController.m */ = {isa = PBXFileReference; fileEncoding = 4; lastKnownFileType = sourcecode.c.objc; path = BGTabBarController.m; sourceTree = "<group>"; };
		7AF397361584501B0023B062 /* BGTabBarController.h */ = {isa = PBXFileReference; fileEncoding = 4; lastKnownFileType = sourcecode.c.h; path = BGTabBarController.h; sourceTree = "<group>"; };
		7AF397361584501B0023B063 /* capture-button.png */ = {isa = PBXFileReference; lastKnownFileType = image.png; path = "capture-button.png"; sourceTree = "<group>"; };
		7AF397361584501B0023B065 /* capture-button@2x.png */ = {isa = PBXFileReference; lastKnownFileType = image.png; path = "capture-button@2x.png"; sourceTree = "<group>"; };
		7AF397361584501B0023B067 /* 162-receipt.png */ = {isa = PBXFileReference; lastKnownFileType = image.png; path = "162-receipt.png"; sourceTree = "<group>"; };
		7AF397361584501B0023B069 /* 162-receipt@2x.png */ = {isa = PBXFileReference; lastKnownFileType = image.png; path = "162-receipt@2x.png"; sourceTree = "<group>"; };
		7AF397361584501B0023B06F /* 119-piggy-bank.png */ = {isa = PBXFileReference; lastKnownFileType = image.png; path = "119-piggy-bank.png"; sourceTree = "<group>"; };
		7AF397361584501B0023B071 /* 119-piggy-bank@2x.png */ = {isa = PBXFileReference; lastKnownFileType = image.png; path = "119-piggy-bank@2x.png"; sourceTree = "<group>"; };
		7AF397361584501B0023B073 /* 172-pricetag.png */ = {isa = PBXFileReference; lastKnownFileType = image.png; path = "172-pricetag.png"; sourceTree = "<group>"; };
		7AF397361584501B0023B075 /* 172-pricetag@2x.png */ = {isa = PBXFileReference; lastKnownFileType = image.png; path = "172-pricetag@2x.png"; sourceTree = "<group>"; };
		7AF397361584501B0023B077 /* BudgetViewController.m */ = {isa = PBXFileReference; fileEncoding = 4; lastKnownFileType = sourcecode.c.objc; path = BudgetViewController.m; sourceTree = "<group>"; };
		7AF397361584501B0023B079 /* BudgetViewController.h */ = {isa = PBXFileReference; fileEncoding = 4; lastKnownFileType = sourcecode.c.h; path = BudgetViewController.h; sourceTree = "<group>"; };
		7AF397361584501B0023B07A /* Museo900-Regular.otf */ = {isa = PBXFileReference; lastKnownFileType = file.otf; path = "Museo900-Regular.otf"; sourceTree = "<group>"; };
		7AF397361584501B0023B07C /* tab-bar.png */ = {isa = PBXFileReference; lastKnownFileType = image.png; path = "tab-bar.png"; sourceTree = "<group>"; };
		7AF397361584501B0023B07E /* tab-bar@2x.png */ = {isa = PBXFileReference; lastKnownFileType = image.png; path = "tab-bar@2x.png"; sourceTree = "<group>"; };
		7AF397361584501B0023B080 /* navigation-bar.png */ = {isa = PBXFileReference; lastKnownFileType = image.png; path = "navigation-bar.png"; sourceTree = "<group>"; };
		7AF397361584501B0023B082 /* navigation-bar@2x.png */ = {isa = PBXFileReference; lastKnownFileType = image.png; path = "navigation-bar@2x.png"; sourceTree = "<group>"; };
		7AF397361584501B0023B084 /* 83-calendar.png */ = {isa = PBXFileReference; lastKnownFileType = image.png; path = "83-calendar.png"; sourceTree = "<group>"; };
		7AF397361584501B0023B086 /* 83-calendar@2x.png */ = {isa = PBXFileReference; lastKnownFileType = image.png; path = "83-calendar@2x.png"; sourceTree = "<group>"; };
		7AF397361584501B0023B088 /* cameraTabBarItem.png */ = {isa = PBXFileReference; lastKnownFileType = image.png; path = cameraTabBarItem.png; sourceTree = "<group>"; };
		7AF397361584501B0023B08A /* cameraTabBarItem@2x.png */ = {isa = PBXFileReference; lastKnownFileType = image.png; path = "cameraTabBarItem@2x.png"; sourceTree = "<group>"; };
		7AF397361584501B0023B08C /* 259-list.png */ = {isa = PBXFileReference; lastKnownFileType = image.png; path = "259-list.png"; sourceTree = "<group>"; };
		7AF397361584501B0023B08E /* 259-list@2x.png */ = {isa = PBXFileReference; lastKnownFileType = image.png; path = "259-list@2x.png"; sourceTree = "<group>"; };
		7AF397361584501B0023B0A8 /* BGNotificationNames.m */ = {isa = PBXFileReference; fileEncoding = 4; lastKnownFileType = sourcecode.c.objc; path = BGNotificationNames.m; sourceTree = "<group>"; };
		7AF397361584501B0023B0AA /* BGNotificationNames.h */ = {isa = PBXFileReference; fileEncoding = 4; lastKnownFileType = sourcecode.c.h; path = BGNotificationNames.h; sourceTree = "<group>"; };
		7AF397361584501B0023B0AB /* BudgetItemListViewController.m */ = {isa = PBXFileReference; fileEncoding = 4; lastKnownFileType = sourcecode.c.objc; path = BudgetItemListViewController.m; sourceTree = "<group>"; };
		7AF397361584501B0023B0AD /* BudgetItemListViewController.h */ = {isa = PBXFileReference; fileEncoding = 4; lastKnownFileType = sourcecode.c.h; path = BudgetItemListViewController.h; sourceTree = "<group>"; };
		7AF397361584501B0023B0AE /* BGShadowUtil.m */ = {isa = PBXFileReference; fileEncoding = 4; lastKnownFileType = sourcecode.c.objc; path = BGShadowUtil.m; sourceTree = "<group>"; };
		7AF397361584501B0023B0B0 /* BGShadowUtil.h */ = {isa = PBXFileReference; fileEncoding = 4; lastKnownFileType = sourcecode.c.h; path = BGShadowUtil.h; sourceTree = "<group>"; };
		7AFBD2B715962CF700C875AB /* App-Icon.png */ = {isa = PBXFileReference; lastKnownFileType = image.png; name = "App-Icon.png"; path = "../App-Icon.png"; sourceTree = "<group>"; };
		7AFBD2B915962D1D00C875AB /* App-Icon-small.png */ = {isa = PBXFileReference; lastKnownFileType = image.png; name = "App-Icon-small.png"; path = "../App-Icon-small.png"; sourceTree = "<group>"; };
		7AFBD2BB159632D000C875AB /* Default@2x.png */ = {isa = PBXFileReference; lastKnownFileType = image.png; name = "Default@2x.png"; path = "../Default@2x.png"; sourceTree = "<group>"; };
		7AFBD2BD159632D200C875AB /* Default.png */ = {isa = PBXFileReference; lastKnownFileType = image.png; name = Default.png; path = ../Default.png; sourceTree = "<group>"; };
		7AFBD2BF15964B2A00C875AB /* banner-blue.png */ = {isa = PBXFileReference; lastKnownFileType = image.png; path = "banner-blue.png"; sourceTree = "<group>"; };
		7AFBD2C015964B2A00C875AB /* banner-blue@2x.png */ = {isa = PBXFileReference; lastKnownFileType = image.png; path = "banner-blue@2x.png"; sourceTree = "<group>"; };
		7AFBD2C31596535600C875AB /* SummaryIncomeTableCell.xib */ = {isa = PBXFileReference; fileEncoding = 4; lastKnownFileType = file.xib; path = SummaryIncomeTableCell.xib; sourceTree = "<group>"; };
		7AFBD2C71596567C00C875AB /* SummaryHeaderView.xib */ = {isa = PBXFileReference; fileEncoding = 4; lastKnownFileType = file.xib; path = SummaryHeaderView.xib; sourceTree = "<group>"; };
		7AFBD2C915965C7400C875AB /* SummaryFooterView.xib */ = {isa = PBXFileReference; fileEncoding = 4; lastKnownFileType = file.xib; path = SummaryFooterView.xib; sourceTree = "<group>"; };
		7AFBD2CB159668FF00C875AB /* chart-placeholder.png */ = {isa = PBXFileReference; lastKnownFileType = image.png; path = "chart-placeholder.png"; sourceTree = "<group>"; };
		7AFBD2CC159668FF00C875AB /* chart-placeholder@2x.png */ = {isa = PBXFileReference; lastKnownFileType = image.png; path = "chart-placeholder@2x.png"; sourceTree = "<group>"; };
		7AFBD2CE159668FF00C875AD /* PPRevealSideViewController.h */ = {isa = PBXFileReference; fileEncoding = 4; lastKnownFileType = sourcecode.c.h; path = PPRevealSideViewController.h; sourceTree = "<group>"; };
		7AFBD2CE159668FF00C875AE /* PPRevealSideViewController.m */ = {isa = PBXFileReference; fileEncoding = 4; lastKnownFileType = sourcecode.c.objc; path = PPRevealSideViewController.m; sourceTree = "<group>"; };
		7AFBD2CE159668FF00C875B0 /* BudgetMonthTableViewController.m */ = {isa = PBXFileReference; fileEncoding = 4; lastKnownFileType = sourcecode.c.objc; path = BudgetMonthTableViewController.m; sourceTree = "<group>"; };
		7AFBD2CE159668FF00C875B2 /* BudgetMonthTableViewController.h */ = {isa = PBXFileReference; fileEncoding = 4; lastKnownFileType = sourcecode.c.h; path = BudgetMonthTableViewController.h; sourceTree = "<group>"; };
		7AFBD2DB15968BBA00C875AB /* CoreData.framework */ = {isa = PBXFileReference; lastKnownFileType = wrapper.framework; name = CoreData.framework; path = System/Library/Frameworks/CoreData.framework; sourceTree = SDKROOT; };
		7AFBD2E015968C4900C875AB /* Budgey.xcdatamodel */ = {isa = PBXFileReference; lastKnownFileType = wrapper.xcdatamodel; path = Budgey.xcdatamodel; sourceTree = "<group>"; };
		7AFBD2E915969A7A00C875AB /* BGBudget.h */ = {isa = PBXFileReference; fileEncoding = 4; lastKnownFileType = sourcecode.c.h; path = BGBudget.h; sourceTree = "<group>"; };
		7AFBD2EA15969A7A00C875AB /* BGBudget.m */ = {isa = PBXFileReference; fileEncoding = 4; lastKnownFileType = sourcecode.c.objc; path = BGBudget.m; sourceTree = "<group>"; };
		7AFBD2EC15969AC600C875AB /* BGCategory.h */ = {isa = PBXFileReference; fileEncoding = 4; lastKnownFileType = sourcecode.c.h; path = BGCategory.h; sourceTree = "<group>"; };
		7AFBD2ED15969AC600C875AB /* BGCategory.m */ = {isa = PBXFileReference; fileEncoding = 4; lastKnownFileType = sourcecode.c.objc; path = BGCategory.m; sourceTree = "<group>"; };
		7AFBD2EF15969AD600C875AB /* BGBudgetItem.h */ = {isa = PBXFileReference; fileEncoding = 4; lastKnownFileType = sourcecode.c.h; path = BGBudgetItem.h; sourceTree = "<group>"; };
		7AFBD2F015969AD600C875AB /* BGBudgetItem.m */ = {isa = PBXFileReference; fileEncoding = 4; lastKnownFileType = sourcecode.c.objc; path = BGBudgetItem.m; sourceTree = "<group>"; };
		7AFBD2F215969AEA00C875AB /* BGTransaction.h */ = {isa = PBXFileReference; fileEncoding = 4; lastKnownFileType = sourcecode.c.h; path = BGTransaction.h; sourceTree = "<group>"; };
		7AFBD2F315969AEA00C875AB /* BGTransaction.m */ = {isa = PBXFileReference; fileEncoding = 4; lastKnownFileType = sourcecode.c.objc; path = BGTransaction.m; sourceTree = "<group>"; };
		7AFBD2F415969AEA00C875AF /* UUIDUtil.m */ = {isa = PBXFileReference; fileEncoding = 4; lastKnownFileType = sourcecode.c.objc; path = UUIDUtil.m; sourceTree = "<group>"; };
		7AFBD2F415969AEA00C875B1 /* UUIDUtil.h */ = {isa = PBXFileReference; fileEncoding = 4; lastKnownFileType = sourcecode.c.h; path = UUIDUtil.h; sourceTree = "<group>"; };
		7AFBD2F415969AEA00C875B5 /* MagicalImportFunctions.h */ = {isa = PBXFileReference; fileEncoding = 4; lastKnownFileType = sourcecode.c.h; path = MagicalImportFunctions.h; sourceTree = "<group>"; };
		7AFBD2F415969AEA00C875B6 /* MagicalImportFunctions.m */ = {isa = PBXFileReference; fileEncoding = 4; lastKnownFileType = sourcecode.c.objc; path = MagicalImportFunctions.m; sourceTree = "<group>"; };
		7AFBD2F415969AEA00C875B8 /* NSAttributeDescription+MagicalDataImport.h */ = {isa = PBXFileReference; fileEncoding = 4; lastKnownFileType = sourcecode.c.h; path = "NSAttributeDescription+MagicalDataImport.h"; sourceTree = "<group>"; };
		7AFBD2F415969AEA00C875B9 /* NSAttributeDescription+MagicalDataImport.m */ = {isa = PBXFileReference; fileEncoding = 4; lastKnownFileType = sourcecode.c.objc; path = "NSAttributeDescription+MagicalDataImport.m"; sourceTree = "<group>"; };
		7AFBD2F415969AEA00C875BB /* NSEntityDescription+MagicalDataImport.h */ = {isa = PBXFileReference; fileEncoding = 4; lastKnownFileType = sourcecode.c.h; path = "NSEntityDescription+MagicalDataImport.h"; sourceTree = "<group>"; };
		7AFBD2F415969AEA00C875BC /* NSEntityDescription+MagicalDataImport.m */ = {isa = PBXFileReference; fileEncoding = 4; lastKnownFileType = sourcecode.c.objc; path = "NSEntityDescription+MagicalDataImport.m"; sourceTree = "<group>"; };
		7AFBD2F415969AEA00C875BE /* NSNumber+MagicalDataImport.h */ = {isa = PBXFileReference; fileEncoding = 4; lastKnownFileType = sourcecode.c.h; path = "NSNumber+MagicalDataImport.h"; sourceTree = "<group>"; };
		7AFBD2F415969AEA00C875BF /* NSNumber+MagicalDataImport.m */ = {isa = PBXFileReference; fileEncoding = 4; lastKnownFileType = sourcecode.c.objc; path = "NSNumber+MagicalDataImport.m"; sourceTree = "<group>"; };
		7AFBD2F415969AEA00C875C1 /* NSObject+MagicalDataImport.h */ = {isa = PBXFileReference; fileEncoding = 4; lastKnownFileType = sourcecode.c.h; path = "NSObject+MagicalDataImport.h"; sourceTree = "<group>"; };
		7AFBD2F415969AEA00C875C2 /* NSObject+MagicalDataImport.m */ = {isa = PBXFileReference; fileEncoding = 4; lastKnownFileType = sourcecode.c.objc; path = "NSObject+MagicalDataImport.m"; sourceTree = "<group>"; };
		7AFBD2F415969AEA00C875C4 /* NSRelationshipDescription+MagicalDataImport.h */ = {isa = PBXFileReference; fileEncoding = 4; lastKnownFileType = sourcecode.c.h; path = "NSRelationshipDescription+MagicalDataImport.h"; sourceTree = "<group>"; };
		7AFBD2F415969AEA00C875C5 /* NSRelationshipDescription+MagicalDataImport.m */ = {isa = PBXFileReference; fileEncoding = 4; lastKnownFileType = sourcecode.c.objc; path = "NSRelationshipDescription+MagicalDataImport.m"; sourceTree = "<group>"; };
		7AFBD2F415969AEA00C875C7 /* NSString+MagicalDataImport.h */ = {isa = PBXFileReference; fileEncoding = 4; lastKnownFileType = sourcecode.c.h; path = "NSString+MagicalDataImport.h"; sourceTree = "<group>"; };
		7AFBD2F415969AEA00C875C8 /* NSString+MagicalDataImport.m */ = {isa = PBXFileReference; fileEncoding = 4; lastKnownFileType = sourcecode.c.objc; path = "NSString+MagicalDataImport.m"; sourceTree = "<group>"; };
		7AFBD2F415969AEA00C875CB /* NSManagedObject+MagicalAggregation.h */ = {isa = PBXFileReference; fileEncoding = 4; lastKnownFileType = sourcecode.c.h; path = "NSManagedObject+MagicalAggregation.h"; sourceTree = "<group>"; };
		7AFBD2F415969AEA00C875CC /* NSManagedObject+MagicalAggregation.m */ = {isa = PBXFileReference; fileEncoding = 4; lastKnownFileType = sourcecode.c.objc; path = "NSManagedObject+MagicalAggregation.m"; sourceTree = "<group>"; };
		7AFBD2F415969AEA00C875CE /* NSManagedObject+MagicalDataImport.h */ = {isa = PBXFileReference; fileEncoding = 4; lastKnownFileType = sourcecode.c.h; path = "NSManagedObject+MagicalDataImport.h"; sourceTree = "<group>"; };
		7AFBD2F415969AEA00C875CF /* NSManagedObject+MagicalDataImport.m */ = {isa = PBXFileReference; fileEncoding = 4; lastKnownFileType = sourcecode.c.objc; path = "NSManagedObject+MagicalDataImport.m"; sourceTree = "<group>"; };
		7AFBD2F415969AEA00C875D1 /* NSManagedObject+MagicalFinders.h */ = {isa = PBXFileReference; fileEncoding = 4; lastKnownFileType = sourcecode.c.h; path = "NSManagedObject+MagicalFinders.h"; sourceTree = "<group>"; };
		7AFBD2F415969AEA00C875D2 /* NSManagedObject+MagicalFinders.m */ = {isa = PBXFileReference; fileEncoding = 4; lastKnownFileType = sourcecode.c.objc; path = "NSManagedObject+MagicalFinders.m"; sourceTree = "<group>"; };
		7AFBD2F415969AEA00C875D4 /* NSManagedObject+MagicalRecord.h */ = {isa = PBXFileReference; fileEncoding = 4; lastKnownFileType = sourcecode.c.h; path = "NSManagedObject+MagicalRecord.h"; sourceTree = "<group>"; };
		7AFBD2F415969AEA00C875D5 /* NSManagedObject+MagicalRecord.m */ = {isa = PBXFileReference; fileEncoding = 4; lastKnownFileType = sourcecode.c.objc; path = "NSManagedObject+MagicalRecord.m"; sourceTree = "<group>"; };
		7AFBD2F415969AEA00C875D7 /* NSManagedObject+MagicalRequests.h */ = {isa = PBXFileReference; fileEncoding = 4; lastKnownFileType = sourcecode.c.h; path = "NSManagedObject+MagicalRequests.h"; sourceTree = "<group>"; };
		7AFBD2F415969AEA00C875D8 /* NSManagedObject+MagicalRequests.m */ = {isa = PBXFileReference; fileEncoding = 4; lastKnownFileType = sourcecode.c.objc; path = "NSManagedObject+MagicalRequests.m"; sourceTree = "<group>"; };
		7AFBD2F415969AEA00C875DB /* NSManagedObjectContext+MagicalObserving.h */ = {isa = PBXFileReference; fileEncoding = 4; lastKnownFileType = sourcecode.c.h; path = "NSManagedObjectContext+MagicalObserving.h"; sourceTree = "<group>"; };
		7AFBD2F415969AEA00C875DC /* NSManagedObjectContext+MagicalObserving.m */ = {isa = PBXFileReference; fileEncoding = 4; lastKnownFileType = sourcecode.c.objc; path = "NSManagedObjectContext+MagicalObserving.m"; sourceTree = "<group>"; };
		7AFBD2F415969AEA00C875DE /* NSManagedObjectContext+MagicalRecord.h */ = {isa = PBXFileReference; fileEncoding = 4; lastKnownFileType = sourcecode.c.h; path = "NSManagedObjectContext+MagicalRecord.h"; sourceTree = "<group>"; };
		7AFBD2F415969AEA00C875DF /* NSManagedObjectContext+MagicalRecord.m */ = {isa = PBXFileReference; fileEncoding = 4; lastKnownFileType = sourcecode.c.objc; path = "NSManagedObjectContext+MagicalRecord.m"; sourceTree = "<group>"; };
		7AFBD2F415969AEA00C875E1 /* NSManagedObjectContext+MagicalSaves.h */ = {isa = PBXFileReference; fileEncoding = 4; lastKnownFileType = sourcecode.c.h; path = "NSManagedObjectContext+MagicalSaves.h"; sourceTree = "<group>"; };
		7AFBD2F415969AEA00C875E2 /* NSManagedObjectContext+MagicalSaves.m */ = {isa = PBXFileReference; fileEncoding = 4; lastKnownFileType = sourcecode.c.objc; path = "NSManagedObjectContext+MagicalSaves.m"; sourceTree = "<group>"; };
		7AFBD2F415969AEA00C875E4 /* NSManagedObjectContext+MagicalThreading.h */ = {isa = PBXFileReference; fileEncoding = 4; lastKnownFileType = sourcecode.c.h; path = "NSManagedObjectContext+MagicalThreading.h"; sourceTree = "<group>"; };
		7AFBD2F415969AEA00C875E5 /* NSManagedObjectContext+MagicalThreading.m */ = {isa = PBXFileReference; fileEncoding = 4; lastKnownFileType = sourcecode.c.objc; path = "NSManagedObjectContext+MagicalThreading.m"; sourceTree = "<group>"; };
		7AFBD2F415969AEA00C875E7 /* NSManagedObjectModel+MagicalRecord.h */ = {isa = PBXFileReference; fileEncoding = 4; lastKnownFileType = sourcecode.c.h; path = "NSManagedObjectModel+MagicalRecord.h"; sourceTree = "<group>"; };
		7AFBD2F415969AEA00C875E8 /* NSManagedObjectModel+MagicalRecord.m */ = {isa = PBXFileReference; fileEncoding = 4; lastKnownFileType = sourcecode.c.objc; path = "NSManagedObjectModel+MagicalRecord.m"; sourceTree = "<group>"; };
		7AFBD2F415969AEA00C875EA /* NSPersistentStore+MagicalRecord.h */ = {isa = PBXFileReference; fileEncoding = 4; lastKnownFileType = sourcecode.c.h; path = "NSPersistentStore+MagicalRecord.h"; sourceTree = "<group>"; };
		7AFBD2F415969AEA00C875EB /* NSPersistentStore+MagicalRecord.m */ = {isa = PBXFileReference; fileEncoding = 4; lastKnownFileType = sourcecode.c.objc; path = "NSPersistentStore+MagicalRecord.m"; sourceTree = "<group>"; };
		7AFBD2F415969AEA00C875ED /* NSPersistentStoreCoordinator+MagicalRecord.h */ = {isa = PBXFileReference; fileEncoding = 4; lastKnownFileType = sourcecode.c.h; path = "NSPersistentStoreCoordinator+MagicalRecord.h"; sourceTree = "<group>"; };
		7AFBD2F415969AEA00C875EE /* NSPersistentStoreCoordinator+MagicalRecord.m */ = {isa = PBXFileReference; fileEncoding = 4; lastKnownFileType = sourcecode.c.objc; path = "NSPersistentStoreCoordinator+MagicalRecord.m"; sourceTree = "<group>"; };
		7AFBD2F415969AEA00C875F1 /* MagicalRecord+Actions.h */ = {isa = PBXFileReference; fileEncoding = 4; lastKnownFileType = sourcecode.c.h; path = "MagicalRecord+Actions.h"; sourceTree = "<group>"; };
		7AFBD2F415969AEA00C875F2 /* MagicalRecord+Actions.m */ = {isa = PBXFileReference; fileEncoding = 4; lastKnownFileType = sourcecode.c.objc; path = "MagicalRecord+Actions.m"; sourceTree = "<group>"; };
		7AFBD2F415969AEA00C875F4 /* MagicalRecord+ErrorHandling.h */ = {isa = PBXFileReference; fileEncoding = 4; lastKnownFileType = sourcecode.c.h; path = "MagicalRecord+ErrorHandling.h"; sourceTree = "<group>"; };
		7AFBD2F415969AEA00C875F5 /* MagicalRecord+ErrorHandling.m */ = {isa = PBXFileReference; fileEncoding = 4; lastKnownFileType = sourcecode.c.objc; path = "MagicalRecord+ErrorHandling.m"; sourceTree = "<group>"; };
		7AFBD2F415969AEA00C875F7 /* MagicalRecord+iCloud.h */ = {isa = PBXFileReference; fileEncoding = 4; lastKnownFileType = sourcecode.c.h; path = "MagicalRecord+iCloud.h"; sourceTree = "<group>"; };
		7AFBD2F415969AEA00C875F8 /* MagicalRecord+iCloud.m */ = {isa = PBXFileReference; fileEncoding = 4; lastKnownFileType = sourcecode.c.objc; path = "MagicalRecord+iCloud.m"; sourceTree = "<group>"; };
		7AFBD2F415969AEA00C875FA /* MagicalRecord+Options.h */ = {isa = PBXFileReference; fileEncoding = 4; lastKnownFileType = sourcecode.c.h; path = "MagicalRecord+Options.h"; sourceTree = "<group>"; };
		7AFBD2F415969AEA00C875FB /* MagicalRecord+Options.m */ = {isa = PBXFileReference; fileEncoding = 4; lastKnownFileType = sourcecode.c.objc; path = "MagicalRecord+Options.m"; sourceTree = "<group>"; };
		7AFBD2F415969AEA00C875FD /* MagicalRecord+Setup.h */ = {isa = PBXFileReference; fileEncoding = 4; lastKnownFileType = sourcecode.c.h; path = "MagicalRecord+Setup.h"; sourceTree = "<group>"; };
		7AFBD2F415969AEA00C875FE /* MagicalRecord+Setup.m */ = {isa = PBXFileReference; fileEncoding = 4; lastKnownFileType = sourcecode.c.objc; path = "MagicalRecord+Setup.m"; sourceTree = "<group>"; };
		7AFBD2F415969AEA00C87600 /* MagicalRecord+ShorthandSupport.h */ = {isa = PBXFileReference; fileEncoding = 4; lastKnownFileType = sourcecode.c.h; path = "MagicalRecord+ShorthandSupport.h"; sourceTree = "<group>"; };
		7AFBD2F415969AEA00C87601 /* MagicalRecord+ShorthandSupport.m */ = {isa = PBXFileReference; fileEncoding = 4; lastKnownFileType = sourcecode.c.objc; path = "MagicalRecord+ShorthandSupport.m"; sourceTree = "<group>"; };
		7AFBD2F415969AEA00C87603 /* MagicalRecord.h */ = {isa = PBXFileReference; fileEncoding = 4; lastKnownFileType = sourcecode.c.h; path = MagicalRecord.h; sourceTree = "<group>"; };
		7AFBD2F415969AEA00C87604 /* MagicalRecord.m */ = {isa = PBXFileReference; fileEncoding = 4; lastKnownFileType = sourcecode.c.objc; path = MagicalRecord.m; sourceTree = "<group>"; };
		7AFBD2F415969AEA00C87606 /* MagicalRecordShorthand.h */ = {isa = PBXFileReference; fileEncoding = 4; lastKnownFileType = sourcecode.c.h; path = MagicalRecordShorthand.h; sourceTree = "<group>"; };
		7AFBD2F415969AEA00C87607 /* CoreData+MagicalRecord.h */ = {isa = PBXFileReference; fileEncoding = 4; lastKnownFileType = sourcecode.c.h; path = "CoreData+MagicalRecord.h"; sourceTree = "<group>"; };
		7AFBD2F415969AEA00C87608 /* save-button.png */ = {isa = PBXFileReference; lastKnownFileType = image.png; path = "save-button.png"; sourceTree = "<group>"; };
		7AFBD2F415969AEA00C8760A /* save-button@2x.png */ = {isa = PBXFileReference; lastKnownFileType = image.png; path = "save-button@2x.png"; sourceTree = "<group>"; };
		7AFBD2F415969AEA00C8760C /* cancel-button.png */ = {isa = PBXFileReference; lastKnownFileType = image.png; path = "cancel-button.png"; sourceTree = "<group>"; };
		7AFBD2F415969AEA00C8760E /* cancel-button@2x.png */ = {isa = PBXFileReference; lastKnownFileType = image.png; path = "cancel-button@2x.png"; sourceTree = "<group>"; };
		7AFBD2F415969AEA00C87610 /* BGBudgetManager.m */ = {isa = PBXFileReference; fileEncoding = 4; lastKnownFileType = sourcecode.c.objc; path = BGBudgetManager.m; sourceTree = "<group>"; };
		7AFBD2F415969AEA00C87612 /* BGBudgetManager.h */ = {isa = PBXFileReference; fileEncoding = 4; lastKnownFileType = sourcecode.c.h; path = BGBudgetManager.h; sourceTree = "<group>"; };
		7AFBD2F415969AEA00C87613 /* BGManager.m */ = {isa = PBXFileReference; fileEncoding = 4; lastKnownFileType = sourcecode.c.objc; path = BGManager.m; sourceTree = "<group>"; };
		7AFBD2F415969AEA00C87615 /* BGManager.h */ = {isa = PBXFileReference; fileEncoding = 4; lastKnownFileType = sourcecode.c.h; path = BGManager.h; sourceTree = "<group>"; };
		7AFBD2F415969AEA00C87618 /* BudgetHeaderView.m */ = {isa = PBXFileReference; fileEncoding = 4; lastKnownFileType = sourcecode.c.objc; path = BudgetHeaderView.m; sourceTree = "<group>"; };
		7AFBD2F415969AEA00C8761A /* BudgetHeaderView.h */ = {isa = PBXFileReference; fileEncoding = 4; lastKnownFileType = sourcecode.c.h; path = BudgetHeaderView.h; sourceTree = "<group>"; };
		7AFBD2F415969AEA00C8761B /* BudgetTableCell.m */ = {isa = PBXFileReference; fileEncoding = 4; lastKnownFileType = sourcecode.c.objc; path = BudgetTableCell.m; sourceTree = "<group>"; };
		7AFBD2F415969AEA00C8761D /* BudgetTableCell.h */ = {isa = PBXFileReference; fileEncoding = 4; lastKnownFileType = sourcecode.c.h; path = BudgetTableCell.h; sourceTree = "<group>"; };
		7AFBD2F415969AEA00C8761E /* BudgetItemTableCell.m */ = {isa = PBXFileReference; fileEncoding = 4; lastKnownFileType = sourcecode.c.objc; path = BudgetItemTableCell.m; sourceTree = "<group>"; };
		7AFBD2F415969AEA00C87620 /* BudgetItemTableCell.h */ = {isa = PBXFileReference; fileEncoding = 4; lastKnownFileType = sourcecode.c.h; path = BudgetItemTableCell.h; sourceTree = "<group>"; };
		7AFBD2F415969AEA00C87621 /* BGTransactionManager.m */ = {isa = PBXFileReference; fileEncoding = 4; lastKnownFileType = sourcecode.c.objc; path = BGTransactionManager.m; sourceTree = "<group>"; };
		7AFBD2F415969AEA00C87623 /* BGTransactionManager.h */ = {isa = PBXFileReference; fileEncoding = 4; lastKnownFileType = sourcecode.c.h; path = BGTransactionManager.h; sourceTree = "<group>"; };
		7AFBD2F415969AEA00C87624 /* BudgetItemHeaderView.m */ = {isa = PBXFileReference; fileEncoding = 4; lastKnownFileType = sourcecode.c.objc; path = BudgetItemHeaderView.m; sourceTree = "<group>"; };
		7AFBD2F415969AEA00C87626 /* BudgetItemHeaderView.h */ = {isa = PBXFileReference; fileEncoding = 4; lastKnownFileType = sourcecode.c.h; path = BudgetItemHeaderView.h; sourceTree = "<group>"; };
		7AFBD2F415969AEA00C87627 /* BudgetFooterView.m */ = {isa = PBXFileReference; fileEncoding = 4; lastKnownFileType = sourcecode.c.objc; path = BudgetFooterView.m; sourceTree = "<group>"; };
		7AFBD2F415969AEA00C87629 /* BudgetFooterView.h */ = {isa = PBXFileReference; fileEncoding = 4; lastKnownFileType = sourcecode.c.h; path = BudgetFooterView.h; sourceTree = "<group>"; };
		7AFBD2F415969AEA00C8762A /* SummaryHeaderView.m */ = {isa = PBXFileReference; fileEncoding = 4; lastKnownFileType = sourcecode.c.objc; path = SummaryHeaderView.m; sourceTree = "<group>"; };
		7AFBD2F415969AEA00C8762C /* SummaryHeaderView.h */ = {isa = PBXFileReference; fileEncoding = 4; lastKnownFileType = sourcecode.c.h; path = SummaryHeaderView.h; sourceTree = "<group>"; };
		7AFBD2F415969AEA00C8762D /* SummaryTableCell.m */ = {isa = PBXFileReference; fileEncoding = 4; lastKnownFileType = sourcecode.c.objc; path = SummaryTableCell.m; sourceTree = "<group>"; };
		7AFBD2F415969AEA00C8762F /* SummaryTableCell.h */ = {isa = PBXFileReference; fileEncoding = 4; lastKnownFileType = sourcecode.c.h; path = SummaryTableCell.h; sourceTree = "<group>"; };
		7AFBD2F415969AEA00C87630 /* SummaryFooterView.m */ = {isa = PBXFileReference; fileEncoding = 4; lastKnownFileType = sourcecode.c.objc; path = SummaryFooterView.m; sourceTree = "<group>"; };
		7AFBD2F415969AEA00C87632 /* SummaryFooterView.h */ = {isa = PBXFileReference; fileEncoding = 4; lastKnownFileType = sourcecode.c.h; path = SummaryFooterView.h; sourceTree = "<group>"; };
		7AFBD2F415969AEA00C87633 /* BGBudgetItemManager.m */ = {isa = PBXFileReference; fileEncoding = 4; lastKnownFileType = sourcecode.c.objc; path = BGBudgetItemManager.m; sourceTree = "<group>"; };
		7AFBD2F415969AEA00C87635 /* BGBudgetItemManager.h */ = {isa = PBXFileReference; fileEncoding = 4; lastKnownFileType = sourcecode.c.h; path = BGBudgetItemManager.h; sourceTree = "<group>"; };
/* End PBXFileReference section */

/* Begin PBXFrameworksBuildPhase section */
		265E06C03432322C33230F52 /* Frameworks */ = {
			isa = PBXFrameworksBuildPhase;
			buildActionMask = 2147483647;
			files = (
				7AFBD2DC15968BBA00C875AB /* CoreData.framework in Frameworks */,
				265E06C03432322C33230F56 /* UIKit.framework in Frameworks */,
				265E06C03432322C33230F58 /* Foundation.framework in Frameworks */,
				265E06C03432322C33230F5A /* CoreGraphics.framework in Frameworks */,
			);
			runOnlyForDeploymentPostprocessing = 0;
		};
		265E06C03432322C33230F6D /* Frameworks */ = {
			isa = PBXFrameworksBuildPhase;
			buildActionMask = 2147483647;
			files = (
				265E06C03432322C33230F71 /* SenTestingKit.framework in Frameworks */,
				265E06C03432322C33230F72 /* UIKit.framework in Frameworks */,
				265E06C03432322C33230F73 /* Foundation.framework in Frameworks */,
			);
			runOnlyForDeploymentPostprocessing = 0;
		};
/* End PBXFrameworksBuildPhase section */

/* Begin PBXGroup section */
		265E06C03432322C33230F48 = {
			isa = PBXGroup;
			children = (
				265E06C03432322C33230F49 /* Products */,
				265E06C03432322C33230F54 /* Frameworks */,
				265E06C03432322C33230F5B /* Budgey */,
				265E06C03432322C33230F76 /* BudgeyTests */,
			);
			sourceTree = "<group>";
		};
		265E06C03432322C33230F49 /* Products */ = {
			isa = PBXGroup;
			children = (
				265E06C03432322C33230F4C /* Budgey.app */,
				265E06C03432322C33230F67 /* BudgeyTests.octest */,
			);
			name = Products;
			sourceTree = "<group>";
		};
		265E06C03432322C33230F54 /* Frameworks */ = {
			isa = PBXGroup;
			children = (
				7A3343DB15A8A505000C9FD6 /* QuartzCore.framework */,
				7AFBD2DB15968BBA00C875AB /* CoreData.framework */,
				265E06C03432322C33230F70 /* SenTestingKit.framework */,
				265E06C03432322C33230F59 /* CoreGraphics.framework */,
				265E06C03432322C33230F57 /* Foundation.framework */,
				265E06C03432322C33230F55 /* UIKit.framework */,
				7A24E26E15A63A0500289FDF /* Cocoa.framework */,
				7A24E27015A63A0500289FDF /* Other Frameworks */,
			);
			name = Frameworks;
			sourceTree = "<group>";
		};
		265E06C03432322C33230F5B /* Budgey */ = {
			isa = PBXGroup;
			children = (
				265E06C03432322C33230F65 /* AppDelegate.m */,
				265E06C03432322C33230F64 /* AppDelegate.h */,
				265E06C03432322C33230F5C /* Supporting Files */,
				265E06C03432322C33230F7F /* Assets */,
				7AF397361584501B0023B090 /* Model */,
				7AF397361584501B0023B091 /* View */,
				7AF397361584501B0023B092 /* Controller */,
				7AF397361584501B0023B093 /* Helpers */,
				7AF397361584501B0023B095 /* ThirdParty */,
			);
			path = Budgey;
			sourceTree = "<group>";
		};
		265E06C03432322C33230F5C /* Supporting Files */ = {
			isa = PBXGroup;
			children = (
				265E06C03432322C33230F63 /* Budgey-Prefix.pch */,
				265E06C03432322C33230F61 /* main.m */,
				265E06C03432322C33230F5F /* InfoPlist.strings */,
				265E06C03432322C33230F5D /* Budgey-Info.plist */,
			);
			name = "Supporting Files";
			sourceTree = "<group>";
		};
		265E06C03432322C33230F76 /* BudgeyTests */ = {
			isa = PBXGroup;
			children = (
				7AF397361584501B0023B05E /* TestLSInjector.m */,
				265E06C03432322C33230F77 /* Supporting Files */,
			);
			path = BudgeyTests;
			sourceTree = "<group>";
		};
		265E06C03432322C33230F77 /* Supporting Files */ = {
			isa = PBXGroup;
			children = (
				265E06C03432322C33230F7A /* InfoPlist.strings */,
				265E06C03432322C33230F78 /* BudgeyTests-Info.plist */,
			);
			name = "Supporting Files";
			sourceTree = "<group>";
		};
		265E06C03432322C33230F7F /* Assets */ = {
			isa = PBXGroup;
			children = (
				7AFBD2F415969AEA00C8760E /* cancel-button@2x.png */,
				7AFBD2F415969AEA00C8760C /* cancel-button.png */,
				7AFBD2F415969AEA00C8760A /* save-button@2x.png */,
				7AFBD2F415969AEA00C87608 /* save-button.png */,
				7AFBD2BD159632D200C875AB /* Default.png */,
				7AFBD2BB159632D000C875AB /* Default@2x.png */,
				7AFBD2B915962D1D00C875AB /* App-Icon-small.png */,
				7AFBD2B715962CF700C875AB /* App-Icon.png */,
				7AFBD2CB159668FF00C875AB /* chart-placeholder.png */,
				7AFBD2CC159668FF00C875AB /* chart-placeholder@2x.png */,
				7AFBD2BF15964B2A00C875AB /* banner-blue.png */,
				7AFBD2C015964B2A00C875AB /* banner-blue@2x.png */,
				7A4EEC45159411C600F50C24 /* header-blank.png */,
				7A4EEC46159411C600F50C24 /* header-blank@2x.png */,
				7A1DB4FA159017FC0026A77B /* footer-trimmed.png */,
				7A1DB4FB159017FC0026A77B /* footer-trimmed@2x.png */,
				7A1DB4FC159017FC0026A77B /* header-trimmed.png */,
				7A1DB4FD159017FC0026A77B /* header-trimmed@2x.png */,
				7AF397361584501B0023B08E /* 259-list@2x.png */,
				7AF397361584501B0023B08C /* 259-list.png */,
				7AF397361584501B0023B08A /* cameraTabBarItem@2x.png */,
				7AF397361584501B0023B088 /* cameraTabBarItem.png */,
				7AF397361584501B0023B086 /* 83-calendar@2x.png */,
				7AF397361584501B0023B084 /* 83-calendar.png */,
				7AF397361584501B0023B082 /* navigation-bar@2x.png */,
				7AF397361584501B0023B080 /* navigation-bar.png */,
				7AF397361584501B0023B07E /* tab-bar@2x.png */,
				7AF397361584501B0023B07C /* tab-bar.png */,
				7AF397361584501B0023B07A /* Museo900-Regular.otf */,
				7AF397361584501B0023B075 /* 172-pricetag@2x.png */,
				7AF397361584501B0023B073 /* 172-pricetag.png */,
				7AF397361584501B0023B071 /* 119-piggy-bank@2x.png */,
				7AF397361584501B0023B06F /* 119-piggy-bank.png */,
				7AF397361584501B0023B069 /* 162-receipt@2x.png */,
				7AF397361584501B0023B067 /* 162-receipt.png */,
				7AF397361584501B0023B065 /* capture-button@2x.png */,
				7AF397361584501B0023B063 /* capture-button.png */,
				7AF397361584501B0023B058 /* rounded_button.png */,
				265E06C03432322C33230FA6 /* footer@2x.png */,
				265E06C03432322C33230FA4 /* footer.png */,
				265E06C03432322C33230F9B /* header@2x.png */,
				265E06C03432322C33230F99 /* header.png */,
				265E06C03432322C33230F84 /* background@2x.jpg */,
				265E06C03432322C33230F82 /* background.jpg */,
			);
			name = Assets;
			sourceTree = "<group>";
		};
		7A20E96F15A4E435006F996A /* Category */ = {
			isa = PBXGroup;
			children = (
				7AFBD2F415969AEA00C87629 /* BudgetFooterView.h */,
				7AFBD2F415969AEA00C87627 /* BudgetFooterView.m */,
				7AFBD2F415969AEA00C8761D /* BudgetTableCell.h */,
				7AFBD2F415969AEA00C8761B /* BudgetTableCell.m */,
				7AFBD2F415969AEA00C8761A /* BudgetHeaderView.h */,
				7AFBD2F415969AEA00C87618 /* BudgetHeaderView.m */,
			);
			name = Category;
			sourceTree = "<group>";
		};
		7A20E97115A4E45C006F996A /* BudgetItem */ = {
			isa = PBXGroup;
			children = (
				7AFBD2F415969AEA00C87626 /* BudgetItemHeaderView.h */,
				7AFBD2F415969AEA00C87624 /* BudgetItemHeaderView.m */,
				7AFBD2F415969AEA00C87620 /* BudgetItemTableCell.h */,
				7AFBD2F415969AEA00C8761E /* BudgetItemTableCell.m */,
			);
			name = BudgetItem;
			sourceTree = "<group>";
		};
		7A20E97215A4E477006F996A /* Summary */ = {
			isa = PBXGroup;
			children = (
				7AFBD2F415969AEA00C87632 /* SummaryFooterView.h */,
				7AFBD2F415969AEA00C87630 /* SummaryFooterView.m */,
				7AFBD2F415969AEA00C8762F /* SummaryTableCell.h */,
				7AFBD2F415969AEA00C8762D /* SummaryTableCell.m */,
				7AFBD2F415969AEA00C8762C /* SummaryHeaderView.h */,
				7AFBD2F415969AEA00C8762A /* SummaryHeaderView.m */,
			);
			name = Summary;
			sourceTree = "<group>";
		};
		7A24E27015A63A0500289FDF /* Other Frameworks */ = {
			isa = PBXGroup;
			children = (
				7A24E27115A63A0500289FDF /* AppKit.framework */,
				7A24E27215A63A0500289FDF /* CoreData.framework */,
				7A24E27315A63A0500289FDF /* Foundation.framework */,
			);
			name = "Other Frameworks";
			sourceTree = "<group>";
		};
		7A79D4D0159FA13B000F887F /* XIBs */ = {
			isa = PBXGroup;
			children = (
				7AECD39D158458E1002EA79C /* BudgetFooterView.xib */,
				7A1DB4F6159016600026A77B /* TransactionViewController.xib */,
				7AF397351584501B0023B057 /* BudgetHeaderView.xib */,
				7AD41DDF1584657E003E7926 /* BudgetTableCell.xib */,
				7A4EEC4A159411E700F50C24 /* BudgetItemHeaderView.xib */,
				7A4EEC4C1594183300F50C24 /* BudgetItemTableCell.xib */,
				7A2A52F815950D9B0087DEAB /* BudgetItemFooterView.xib */,
				7AFBD2C31596535600C875AB /* SummaryIncomeTableCell.xib */,
				7AFBD2C71596567C00C875AB /* SummaryHeaderView.xib */,
				7AFBD2C915965C7400C875AB /* SummaryFooterView.xib */,
				7A8EB817159E5088006C987E /* CreateBudgetViewController.xib */,
				7A79D4C1159E7B05000F887F /* BudgetMonthTableViewController.xib */,
			);
			name = XIBs;
			sourceTree = "<group>";
		};
		7AF397361584501B0023B05A /* LSInjector */ = {
			isa = PBXGroup;
			children = (
				7AF397361584501B0023B05D /* LSInjector.h */,
				7AF397361584501B0023B05B /* LSInjector.m */,
			);
			path = LSInjector;
			sourceTree = "<group>";
		};
		7AF397361584501B0023B090 /* Model */ = {
			isa = PBXGroup;
			children = (
				7AFBD2F415969AEA00C87635 /* BGBudgetItemManager.h */,
				7AFBD2F415969AEA00C87633 /* BGBudgetItemManager.m */,
				7AFBD2F415969AEA00C87623 /* BGTransactionManager.h */,
				7AFBD2F415969AEA00C87621 /* BGTransactionManager.m */,
				7AFBD2F415969AEA00C87615 /* BGManager.h */,
				7AFBD2F415969AEA00C87613 /* BGManager.m */,
				7AFBD2F415969AEA00C87612 /* BGBudgetManager.h */,
				7AFBD2F415969AEA00C87610 /* BGBudgetManager.m */,
				7AFBD2E815969A5F00C875AB /* Managed Objects */,
				7AFBD2DF15968C4900C875AB /* Budgey.xcdatamodeld */,
			);
			path = Model;
			sourceTree = "<group>";
		};
		7AF397361584501B0023B091 /* View */ = {
			isa = PBXGroup;
			children = (
				7A20E97215A4E477006F996A /* Summary */,
				7A20E97115A4E45C006F996A /* BudgetItem */,
				7A20E96F15A4E435006F996A /* Category */,
				7A79D4D0159FA13B000F887F /* XIBs */,
			);
			path = View;
			sourceTree = "<group>";
		};
		7AF397361584501B0023B092 /* Controller */ = {
			isa = PBXGroup;
			children = (
				7AF397361584501B0023B060 /* BGTabBarController.m */,
				7AF397361584501B0023B062 /* BGTabBarController.h */,
				7AF397361584501B0023B094 /* Budget */,
			);
			path = Controller;
			sourceTree = "<group>";
		};
		7AF397361584501B0023B093 /* Helpers */ = {
			isa = PBXGroup;
			children = (
				7AFBD2F415969AEA00C875B1 /* UUIDUtil.h */,
				7AFBD2F415969AEA00C875AF /* UUIDUtil.m */,
				7AF397361584501B0023B0B0 /* BGShadowUtil.h */,
				7AF397361584501B0023B0AE /* BGShadowUtil.m */,
				7AF397361584501B0023B0AA /* BGNotificationNames.h */,
				7AF397361584501B0023B0A8 /* BGNotificationNames.m */,
				265E06C03432322C33230FA1 /* BGColorUtil.m */,
				265E06C03432322C33230FA3 /* BGColorUtil.h */,
			);
			path = Helpers;
			sourceTree = "<group>";
		};
		7AF397361584501B0023B094 /* Budget */ = {
			isa = PBXGroup;
			children = (
				7A8EB815159E5088006C987E /* CreateBudgetViewController.h */,
				7A8EB816159E5088006C987E /* CreateBudgetViewController.m */,
				7AFBD2CE159668FF00C875B2 /* BudgetMonthTableViewController.h */,
				7AFBD2CE159668FF00C875B0 /* BudgetMonthTableViewController.m */,
				7AF397361584501B0023B0AD /* BudgetItemListViewController.h */,
				7AF397361584501B0023B0AB /* BudgetItemListViewController.m */,
				7AF397361584501B0023B077 /* BudgetViewController.m */,
				7AF397361584501B0023B079 /* BudgetViewController.h */,
				265E06C03432322C33230F93 /* CategoryListViewController.m */,
				265E06C03432322C33230F95 /* CategoryListViewController.h */,
				7A1DB4F4159016600026A77B /* TransactionViewController.h */,
				7A1DB4F5159016600026A77B /* TransactionViewController.m */,
			);
			path = Budget;
			sourceTree = "<group>";
		};
		7AF397361584501B0023B095 /* ThirdParty */ = {
			isa = PBXGroup;
			children = (
				7AF397361584501B0023B05A /* LSInjector */,
				7AFBD2CE159668FF00C875AC /* PPRevealSideviewController */,
				7AFBD2F415969AEA00C875B2 /* MagicalRecord */,
			);
			path = ThirdParty;
			sourceTree = "<group>";
		};
		7AFBD2CE159668FF00C875AC /* PPRevealSideviewController */ = {
			isa = PBXGroup;
			children = (
				7AFBD2CE159668FF00C875AE /* PPRevealSideViewController.m */,
				7AFBD2CE159668FF00C875AD /* PPRevealSideViewController.h */,
			);
			path = PPRevealSideviewController;
			sourceTree = "<group>";
		};
		7AFBD2E815969A5F00C875AB /* Managed Objects */ = {
			isa = PBXGroup;
			children = (
				7AFBD2E915969A7A00C875AB /* BGBudget.h */,
				7AFBD2EA15969A7A00C875AB /* BGBudget.m */,
				7AFBD2EC15969AC600C875AB /* BGCategory.h */,
				7AFBD2ED15969AC600C875AB /* BGCategory.m */,
				7AFBD2EF15969AD600C875AB /* BGBudgetItem.h */,
				7AFBD2F015969AD600C875AB /* BGBudgetItem.m */,
				7AFBD2F215969AEA00C875AB /* BGTransaction.h */,
				7AFBD2F315969AEA00C875AB /* BGTransaction.m */,
			);
			name = "Managed Objects";
			sourceTree = "<group>";
		};
		7AFBD2F415969AEA00C875B2 /* MagicalRecord */ = {
			isa = PBXGroup;
			children = (
				7AFBD2F415969AEA00C87607 /* CoreData+MagicalRecord.h */,
				7AFBD2F415969AEA00C875B3 /* Categories */,
				7AFBD2F415969AEA00C875F0 /* Core */,
			);
			path = MagicalRecord;
			sourceTree = "<group>";
		};
		7AFBD2F415969AEA00C875B3 /* Categories */ = {
			isa = PBXGroup;
			children = (
				7AFBD2F415969AEA00C875EE /* NSPersistentStoreCoordinator+MagicalRecord.m */,
				7AFBD2F415969AEA00C875ED /* NSPersistentStoreCoordinator+MagicalRecord.h */,
				7AFBD2F415969AEA00C875EB /* NSPersistentStore+MagicalRecord.m */,
				7AFBD2F415969AEA00C875EA /* NSPersistentStore+MagicalRecord.h */,
				7AFBD2F415969AEA00C875E8 /* NSManagedObjectModel+MagicalRecord.m */,
				7AFBD2F415969AEA00C875E7 /* NSManagedObjectModel+MagicalRecord.h */,
				7AFBD2F415969AEA00C875B4 /* DataImport */,
				7AFBD2F415969AEA00C875CA /* NSManagedObject */,
				7AFBD2F415969AEA00C875DA /* NSManagedObjectContext */,
			);
			path = Categories;
			sourceTree = "<group>";
		};
		7AFBD2F415969AEA00C875B4 /* DataImport */ = {
			isa = PBXGroup;
			children = (
				7AFBD2F415969AEA00C875C8 /* NSString+MagicalDataImport.m */,
				7AFBD2F415969AEA00C875C7 /* NSString+MagicalDataImport.h */,
				7AFBD2F415969AEA00C875C5 /* NSRelationshipDescription+MagicalDataImport.m */,
				7AFBD2F415969AEA00C875C4 /* NSRelationshipDescription+MagicalDataImport.h */,
				7AFBD2F415969AEA00C875C2 /* NSObject+MagicalDataImport.m */,
				7AFBD2F415969AEA00C875C1 /* NSObject+MagicalDataImport.h */,
				7AFBD2F415969AEA00C875BF /* NSNumber+MagicalDataImport.m */,
				7AFBD2F415969AEA00C875BE /* NSNumber+MagicalDataImport.h */,
				7AFBD2F415969AEA00C875BC /* NSEntityDescription+MagicalDataImport.m */,
				7AFBD2F415969AEA00C875BB /* NSEntityDescription+MagicalDataImport.h */,
				7AFBD2F415969AEA00C875B9 /* NSAttributeDescription+MagicalDataImport.m */,
				7AFBD2F415969AEA00C875B8 /* NSAttributeDescription+MagicalDataImport.h */,
				7AFBD2F415969AEA00C875B6 /* MagicalImportFunctions.m */,
				7AFBD2F415969AEA00C875B5 /* MagicalImportFunctions.h */,
			);
			path = DataImport;
			sourceTree = "<group>";
		};
		7AFBD2F415969AEA00C875CA /* NSManagedObject */ = {
			isa = PBXGroup;
			children = (
				7AFBD2F415969AEA00C875D8 /* NSManagedObject+MagicalRequests.m */,
				7AFBD2F415969AEA00C875D7 /* NSManagedObject+MagicalRequests.h */,
				7AFBD2F415969AEA00C875D5 /* NSManagedObject+MagicalRecord.m */,
				7AFBD2F415969AEA00C875D4 /* NSManagedObject+MagicalRecord.h */,
				7AFBD2F415969AEA00C875D2 /* NSManagedObject+MagicalFinders.m */,
				7AFBD2F415969AEA00C875D1 /* NSManagedObject+MagicalFinders.h */,
				7AFBD2F415969AEA00C875CF /* NSManagedObject+MagicalDataImport.m */,
				7AFBD2F415969AEA00C875CE /* NSManagedObject+MagicalDataImport.h */,
				7AFBD2F415969AEA00C875CC /* NSManagedObject+MagicalAggregation.m */,
				7AFBD2F415969AEA00C875CB /* NSManagedObject+MagicalAggregation.h */,
			);
			path = NSManagedObject;
			sourceTree = "<group>";
		};
		7AFBD2F415969AEA00C875DA /* NSManagedObjectContext */ = {
			isa = PBXGroup;
			children = (
				7AFBD2F415969AEA00C875E5 /* NSManagedObjectContext+MagicalThreading.m */,
				7AFBD2F415969AEA00C875E4 /* NSManagedObjectContext+MagicalThreading.h */,
				7AFBD2F415969AEA00C875E2 /* NSManagedObjectContext+MagicalSaves.m */,
				7AFBD2F415969AEA00C875E1 /* NSManagedObjectContext+MagicalSaves.h */,
				7AFBD2F415969AEA00C875DF /* NSManagedObjectContext+MagicalRecord.m */,
				7AFBD2F415969AEA00C875DE /* NSManagedObjectContext+MagicalRecord.h */,
				7AFBD2F415969AEA00C875DC /* NSManagedObjectContext+MagicalObserving.m */,
				7AFBD2F415969AEA00C875DB /* NSManagedObjectContext+MagicalObserving.h */,
			);
			path = NSManagedObjectContext;
			sourceTree = "<group>";
		};
		7AFBD2F415969AEA00C875F0 /* Core */ = {
			isa = PBXGroup;
			children = (
				7AFBD2F415969AEA00C87606 /* MagicalRecordShorthand.h */,
				7AFBD2F415969AEA00C87604 /* MagicalRecord.m */,
				7AFBD2F415969AEA00C87603 /* MagicalRecord.h */,
				7AFBD2F415969AEA00C87601 /* MagicalRecord+ShorthandSupport.m */,
				7AFBD2F415969AEA00C87600 /* MagicalRecord+ShorthandSupport.h */,
				7AFBD2F415969AEA00C875FE /* MagicalRecord+Setup.m */,
				7AFBD2F415969AEA00C875FD /* MagicalRecord+Setup.h */,
				7AFBD2F415969AEA00C875FB /* MagicalRecord+Options.m */,
				7AFBD2F415969AEA00C875FA /* MagicalRecord+Options.h */,
				7AFBD2F415969AEA00C875F8 /* MagicalRecord+iCloud.m */,
				7AFBD2F415969AEA00C875F7 /* MagicalRecord+iCloud.h */,
				7AFBD2F415969AEA00C875F5 /* MagicalRecord+ErrorHandling.m */,
				7AFBD2F415969AEA00C875F4 /* MagicalRecord+ErrorHandling.h */,
				7AFBD2F415969AEA00C875F2 /* MagicalRecord+Actions.m */,
				7AFBD2F415969AEA00C875F1 /* MagicalRecord+Actions.h */,
			);
			path = Core;
			sourceTree = "<group>";
		};
/* End PBXGroup section */

/* Begin PBXNativeTarget section */
		265E06C03432322C33230F4D /* Budgey */ = {
			isa = PBXNativeTarget;
			buildConfigurationList = 265E06C03432322C33230F4E /* Build configuration list for PBXNativeTarget "Budgey" */;
			buildPhases = (
				265E06C03432322C33230F51 /* Sources */,
				265E06C03432322C33230F52 /* Frameworks */,
				265E06C03432322C33230F53 /* Resources */,
			);
			buildRules = (
			);
			dependencies = (
			);
			name = Budgey;
			productName = Budgey;
			productReference = 265E06C03432322C33230F4C /* Budgey.app */;
			productType = "com.apple.product-type.application";
		};
		265E06C03432322C33230F68 /* BudgeyTests */ = {
			isa = PBXNativeTarget;
			buildConfigurationList = 265E06C03432322C33230F69 /* Build configuration list for PBXNativeTarget "BudgeyTests" */;
			buildPhases = (
				265E06C03432322C33230F6C /* Sources */,
				265E06C03432322C33230F6D /* Frameworks */,
				265E06C03432322C33230F6E /* Resources */,
				265E06C03432322C33230F6F /* ShellScript */,
			);
			buildRules = (
			);
			dependencies = (
				265E06C03432322C33230F75 /* PBXTargetDependency */,
			);
			name = BudgeyTests;
			productName = BudgeyTests;
			productReference = 265E06C03432322C33230F67 /* BudgeyTests.octest */;
			productType = "com.apple.product-type.bundle";
		};
/* End PBXNativeTarget section */

/* Begin PBXProject section */
		265E06C03432322C33230F46 /* Project object */ = {
			isa = PBXProject;
			buildConfigurationList = 265E06C03432322C33230F47 /* Build configuration list for PBXProject "Budgey" */;
			compatibilityVersion = "Xcode 3.2";
			developmentRegion = English;
			hasScannedForEncodings = 0;
			knownRegions = (
				en,
			);
			mainGroup = 265E06C03432322C33230F48;
			productRefGroup = 265E06C03432322C33230F49 /* Products */;
			projectDirPath = "";
			projectRoot = "";
			targets = (
				265E06C03432322C33230F4D /* Budgey */,
				265E06C03432322C33230F68 /* BudgeyTests */,
			);
		};
/* End PBXProject section */

/* Begin PBXResourcesBuildPhase section */
		265E06C03432322C33230F53 /* Resources */ = {
			isa = PBXResourcesBuildPhase;
			buildActionMask = 2147483647;
			files = (
				265E06C03432322C33230F60 /* InfoPlist.strings in Resources */,
				265E06C03432322C33230F83 /* background.jpg in Resources */,
				265E06C03432322C33230F85 /* background@2x.jpg in Resources */,
				265E06C03432322C33230F9A /* header.png in Resources */,
				265E06C03432322C33230F9C /* header@2x.png in Resources */,
				265E06C03432322C33230FA0 /* (null) in Resources */,
				265E06C03432322C33230FA5 /* footer.png in Resources */,
				265E06C03432322C33230FA7 /* footer@2x.png in Resources */,
				7AF397361584501B0023B057 /* BudgetHeaderView.xib in Resources */,
				7AECD39E158458E1002EA79C /* BudgetFooterView.xib in Resources */,
				7AF397361584501B0023B059 /* rounded_button.png in Resources */,
				7AD41DE01584657E003E7926 /* BudgetTableCell.xib in Resources */,
				7AF397361584501B0023B064 /* capture-button.png in Resources */,
				7AF397361584501B0023B066 /* capture-button@2x.png in Resources */,
				7AF397361584501B0023B068 /* 162-receipt.png in Resources */,
				7AF397361584501B0023B06A /* 162-receipt@2x.png in Resources */,
				7AF397361584501B0023B06E /* (null) in Resources */,
				7AF397361584501B0023B070 /* 119-piggy-bank.png in Resources */,
				7AF397361584501B0023B072 /* 119-piggy-bank@2x.png in Resources */,
				7AF397361584501B0023B074 /* 172-pricetag.png in Resources */,
				7AF397361584501B0023B076 /* 172-pricetag@2x.png in Resources */,
				7AF397361584501B0023B07B /* Museo900-Regular.otf in Resources */,
				7AF397361584501B0023B07D /* tab-bar.png in Resources */,
				7AF397361584501B0023B07F /* tab-bar@2x.png in Resources */,
				7AF397361584501B0023B081 /* navigation-bar.png in Resources */,
				7AF397361584501B0023B083 /* navigation-bar@2x.png in Resources */,
				7AF397361584501B0023B085 /* 83-calendar.png in Resources */,
				7AF397361584501B0023B087 /* 83-calendar@2x.png in Resources */,
				7AF397361584501B0023B089 /* cameraTabBarItem.png in Resources */,
				7AF397361584501B0023B08B /* cameraTabBarItem@2x.png in Resources */,
				7AF397361584501B0023B08D /* 259-list.png in Resources */,
				7AF397361584501B0023B08F /* 259-list@2x.png in Resources */,
				7A1DB4F8159016600026A77B /* TransactionViewController.xib in Resources */,
				7A1DB4FE159017FC0026A77B /* footer-trimmed.png in Resources */,
				7A1DB4FF159017FC0026A77B /* footer-trimmed@2x.png in Resources */,
				7A1DB500159017FC0026A77B /* header-trimmed.png in Resources */,
				7A1DB501159017FC0026A77B /* header-trimmed@2x.png in Resources */,
				7A4EEC47159411C600F50C24 /* header-blank.png in Resources */,
				7A4EEC48159411C600F50C24 /* header-blank@2x.png in Resources */,
				7A4EEC4B159411E700F50C24 /* BudgetItemHeaderView.xib in Resources */,
				7A4EEC4D1594183300F50C24 /* BudgetItemTableCell.xib in Resources */,
				7A2A52F915950D9B0087DEAB /* BudgetItemFooterView.xib in Resources */,
				7AFBD2B815962CF700C875AB /* App-Icon.png in Resources */,
				7AFBD2BA15962D1D00C875AB /* App-Icon-small.png in Resources */,
				7AFBD2BC159632D000C875AB /* Default@2x.png in Resources */,
				7AFBD2BE159632D200C875AB /* Default.png in Resources */,
				7AFBD2C115964B2A00C875AB /* banner-blue.png in Resources */,
				7AFBD2C215964B2A00C875AB /* banner-blue@2x.png in Resources */,
				7AFBD2C41596535600C875AB /* SummaryIncomeTableCell.xib in Resources */,
				7AFBD2C81596567C00C875AB /* SummaryHeaderView.xib in Resources */,
				7AFBD2CA15965C7400C875AB /* SummaryFooterView.xib in Resources */,
				7AFBD2CD159668FF00C875AB /* chart-placeholder.png in Resources */,
				7AFBD2CE159668FF00C875AB /* chart-placeholder@2x.png in Resources */,
				7AFBD2F415969AEA00C87609 /* save-button.png in Resources */,
				7AFBD2F415969AEA00C8760B /* save-button@2x.png in Resources */,
				7AFBD2F415969AEA00C8760D /* cancel-button.png in Resources */,
				7AFBD2F415969AEA00C8760F /* cancel-button@2x.png in Resources */,
				7A8EB819159E5088006C987E /* CreateBudgetViewController.xib in Resources */,
				7A79D4C2159E7B05000F887F /* BudgetMonthTableViewController.xib in Resources */,
			);
			runOnlyForDeploymentPostprocessing = 0;
		};
		265E06C03432322C33230F6E /* Resources */ = {
			isa = PBXResourcesBuildPhase;
			buildActionMask = 2147483647;
			files = (
				265E06C03432322C33230F7B /* InfoPlist.strings in Resources */,
			);
			runOnlyForDeploymentPostprocessing = 0;
		};
/* End PBXResourcesBuildPhase section */

/* Begin PBXShellScriptBuildPhase section */
		265E06C03432322C33230F6F /* ShellScript */ = {
			isa = PBXShellScriptBuildPhase;
			buildActionMask = 2147483647;
			files = (
			);
			inputPaths = (
			);
			outputPaths = (
			);
			runOnlyForDeploymentPostprocessing = 0;
			shellPath = /bin/sh;
			shellScript = "# Run the unit tests in this test bundle.\n\"${SYSTEM_DEVELOPER_DIR}/Tools/RunUnitTests\"\n";
		};
/* End PBXShellScriptBuildPhase section */

/* Begin PBXSourcesBuildPhase section */
		265E06C03432322C33230F51 /* Sources */ = {
			isa = PBXSourcesBuildPhase;
			buildActionMask = 2147483647;
			files = (
				265E06C03432322C33230F62 /* main.m in Sources */,
				265E06C03432322C33230F66 /* AppDelegate.m in Sources */,
				265E06C03432322C33230F87 /* (null) in Sources */,
				265E06C03432322C33230F90 /* (null) in Sources */,
				265E06C03432322C33230F94 /* CategoryListViewController.m in Sources */,
				265E06C03432322C33230F97 /* (null) in Sources */,
				265E06C03432322C33230FA2 /* BGColorUtil.m in Sources */,
				7AF397361584501B0023B05C /* LSInjector.m in Sources */,
				7AF397361584501B0023B061 /* BGTabBarController.m in Sources */,
				7AF397361584501B0023B078 /* BudgetViewController.m in Sources */,
				7AF397361584501B0023B09A /* (null) in Sources */,
				7AF397361584501B0023B09E /* (null) in Sources */,
				7AF397361584501B0023B0A1 /* (null) in Sources */,
				7AF397361584501B0023B0A4 /* (null) in Sources */,
				7AF397361584501B0023B0A7 /* (null) in Sources */,
				7A1DB4F7159016600026A77B /* TransactionViewController.m in Sources */,
				7AF397361584501B0023B0A9 /* BGNotificationNames.m in Sources */,
				7AF397361584501B0023B0AC /* BudgetItemListViewController.m in Sources */,
				7AF397361584501B0023B0AF /* BGShadowUtil.m in Sources */,
				7AFBD2CE159668FF00C875AF /* PPRevealSideViewController.m in Sources */,
				7AFBD2CE159668FF00C875B1 /* BudgetMonthTableViewController.m in Sources */,
				7AFBD2E115968C4900C875AB /* Budgey.xcdatamodeld in Sources */,
				7AFBD2EB15969A7A00C875AB /* BGBudget.m in Sources */,
				7AFBD2EE15969AC600C875AB /* BGCategory.m in Sources */,
				7AFBD2F115969AD600C875AB /* BGBudgetItem.m in Sources */,
				7AFBD2F415969AEA00C875AB /* BGTransaction.m in Sources */,
				7AFBD2F415969AEA00C875B0 /* UUIDUtil.m in Sources */,
				7AFBD2F415969AEA00C875B7 /* MagicalImportFunctions.m in Sources */,
				7AFBD2F415969AEA00C875BA /* NSAttributeDescription+MagicalDataImport.m in Sources */,
				7AFBD2F415969AEA00C875BD /* NSEntityDescription+MagicalDataImport.m in Sources */,
				7AFBD2F415969AEA00C875C0 /* NSNumber+MagicalDataImport.m in Sources */,
				7AFBD2F415969AEA00C875C3 /* NSObject+MagicalDataImport.m in Sources */,
				7AFBD2F415969AEA00C875C6 /* NSRelationshipDescription+MagicalDataImport.m in Sources */,
				7AFBD2F415969AEA00C875C9 /* NSString+MagicalDataImport.m in Sources */,
				7AFBD2F415969AEA00C875CD /* NSManagedObject+MagicalAggregation.m in Sources */,
				7AFBD2F415969AEA00C875D0 /* NSManagedObject+MagicalDataImport.m in Sources */,
				7AFBD2F415969AEA00C875D3 /* NSManagedObject+MagicalFinders.m in Sources */,
				7AFBD2F415969AEA00C875D6 /* NSManagedObject+MagicalRecord.m in Sources */,
				7AFBD2F415969AEA00C875D9 /* NSManagedObject+MagicalRequests.m in Sources */,
				7AFBD2F415969AEA00C875DD /* NSManagedObjectContext+MagicalObserving.m in Sources */,
				7AFBD2F415969AEA00C875E0 /* NSManagedObjectContext+MagicalRecord.m in Sources */,
				7AFBD2F415969AEA00C875E3 /* NSManagedObjectContext+MagicalSaves.m in Sources */,
				7AFBD2F415969AEA00C875E6 /* NSManagedObjectContext+MagicalThreading.m in Sources */,
				7AFBD2F415969AEA00C875E9 /* NSManagedObjectModel+MagicalRecord.m in Sources */,
				7AFBD2F415969AEA00C875EC /* NSPersistentStore+MagicalRecord.m in Sources */,
				7AFBD2F415969AEA00C875EF /* NSPersistentStoreCoordinator+MagicalRecord.m in Sources */,
				7AFBD2F415969AEA00C875F3 /* MagicalRecord+Actions.m in Sources */,
				7AFBD2F415969AEA00C875F6 /* MagicalRecord+ErrorHandling.m in Sources */,
				7AFBD2F415969AEA00C875F9 /* MagicalRecord+iCloud.m in Sources */,
				7AFBD2F415969AEA00C875FC /* MagicalRecord+Options.m in Sources */,
				7AFBD2F415969AEA00C875FF /* MagicalRecord+Setup.m in Sources */,
				7AFBD2F415969AEA00C87602 /* MagicalRecord+ShorthandSupport.m in Sources */,
				7AFBD2F415969AEA00C87605 /* MagicalRecord.m in Sources */,
				7AFBD2F415969AEA00C87611 /* BGBudgetManager.m in Sources */,
				7AFBD2F415969AEA00C87614 /* BGManager.m in Sources */,
				7A8EB818159E5088006C987E /* CreateBudgetViewController.m in Sources */,
				7AFBD2F415969AEA00C87617 /* (null) in Sources */,
				7AFBD2F415969AEA00C87619 /* BudgetHeaderView.m in Sources */,
				7AFBD2F415969AEA00C8761C /* BudgetTableCell.m in Sources */,
				7AFBD2F415969AEA00C8761F /* BudgetItemTableCell.m in Sources */,
				7AFBD2F415969AEA00C87622 /* BGTransactionManager.m in Sources */,
				7AFBD2F415969AEA00C87625 /* BudgetItemHeaderView.m in Sources */,
				7AFBD2F415969AEA00C87628 /* BudgetFooterView.m in Sources */,
				7AFBD2F415969AEA00C8762B /* SummaryHeaderView.m in Sources */,
				7AFBD2F415969AEA00C8762E /* SummaryTableCell.m in Sources */,
				7AFBD2F415969AEA00C87631 /* SummaryFooterView.m in Sources */,
				7AFBD2F415969AEA00C87634 /* BGBudgetItemManager.m in Sources */,
			);
			runOnlyForDeploymentPostprocessing = 0;
		};
		265E06C03432322C33230F6C /* Sources */ = {
			isa = PBXSourcesBuildPhase;
			buildActionMask = 2147483647;
			files = (
				265E06C03432322C33230F7E /* (null) in Sources */,
				7AF397361584501B0023B05F /* TestLSInjector.m in Sources */,
			);
			runOnlyForDeploymentPostprocessing = 0;
		};
/* End PBXSourcesBuildPhase section */

/* Begin PBXTargetDependency section */
		265E06C03432322C33230F75 /* PBXTargetDependency */ = {
			isa = PBXTargetDependency;
			target = 265E06C03432322C33230F4D /* Budgey */;
			targetProxy = 265E06C03432322C33230F74 /* PBXContainerItemProxy */;
		};
/* End PBXTargetDependency section */

/* Begin PBXVariantGroup section */
		265E06C03432322C33230F5F /* InfoPlist.strings */ = {
			isa = PBXVariantGroup;
			children = (
				265E06C03432322C33230F5E /* en */,
			);
			name = InfoPlist.strings;
			sourceTree = "<group>";
		};
		265E06C03432322C33230F7A /* InfoPlist.strings */ = {
			isa = PBXVariantGroup;
			children = (
				265E06C03432322C33230F79 /* en */,
			);
			name = InfoPlist.strings;
			sourceTree = "<group>";
		};
/* End PBXVariantGroup section */

/* Begin XCBuildConfiguration section */
		265E06C03432322C33230F4A /* Release */ = {
			isa = XCBuildConfiguration;
			buildSettings = {
				ALWAYS_SEARCH_USER_PATHS = NO;
				ARCHS = "$(ARCHS_STANDARD_32_BIT)";
				CLANG_ENABLE_OBJC_ARC = YES;
				"CODE_SIGN_IDENTITY[sdk=iphoneos*]" = "iPhone Developer";
				COPY_PHASE_STRIP = YES;
				GCC_C_LANGUAGE_STANDARD = gnu99;
				GCC_VERSION = com.apple.compilers.llvm.clang.1_0;
				GCC_WARN_ABOUT_RETURN_TYPE = YES;
				GCC_WARN_UNINITIALIZED_AUTOS = YES;
				GCC_WARN_UNUSED_VARIABLE = YES;
				IPHONEOS_DEPLOYMENT_TARGET = 5.1;
				OTHER_CFLAGS = "-DNS_BLOCK_ASSERTIONS=1";
				SDKROOT = iphoneos;
				VALIDATE_PRODUCT = YES;
			};
			name = Release;
		};
		265E06C03432322C33230F4B /* Debug */ = {
			isa = XCBuildConfiguration;
			buildSettings = {
				ALWAYS_SEARCH_USER_PATHS = NO;
				ARCHS = "$(ARCHS_STANDARD_32_BIT)";
				CLANG_ENABLE_OBJC_ARC = YES;
				"CODE_SIGN_IDENTITY[sdk=iphoneos*]" = "iPhone Developer";
				COPY_PHASE_STRIP = NO;
				GCC_C_LANGUAGE_STANDARD = gnu99;
				GCC_DYNAMIC_NO_PIC = NO;
				GCC_OPTIMIZATION_LEVEL = 0;
				GCC_PREPROCESSOR_DEFINITIONS = (
					"DEBUG=1",
					"$(inherited)",
				);
				GCC_SYMBOLS_PRIVATE_EXTERN = NO;
				GCC_VERSION = com.apple.compilers.llvm.clang.1_0;
				GCC_WARN_ABOUT_RETURN_TYPE = YES;
				GCC_WARN_UNINITIALIZED_AUTOS = YES;
				GCC_WARN_UNUSED_VARIABLE = YES;
				IPHONEOS_DEPLOYMENT_TARGET = 5.1;
				SDKROOT = iphoneos;
			};
			name = Debug;
		};
		265E06C03432322C33230F4F /* Release */ = {
			isa = XCBuildConfiguration;
			buildSettings = {
				CODE_SIGN_IDENTITY = "iPhone Developer";
				GCC_PRECOMPILE_PREFIX_HEADER = YES;
				GCC_PREFIX_HEADER = "Budgey/Budgey-Prefix.pch";
				INFOPLIST_FILE = "Budgey/Budgey-Info.plist";
				PRODUCT_NAME = "$(TARGET_NAME)";
				PROVISIONING_PROFILE = "";
				WRAPPER_EXTENSION = app;
			};
			name = Release;
		};
		265E06C03432322C33230F50 /* Debug */ = {
			isa = XCBuildConfiguration;
			buildSettings = {
				CODE_SIGN_IDENTITY = "iPhone Developer";
				GCC_PRECOMPILE_PREFIX_HEADER = YES;
				GCC_PREFIX_HEADER = "Budgey/Budgey-Prefix.pch";
				INFOPLIST_FILE = "Budgey/Budgey-Info.plist";
				PRODUCT_NAME = "$(TARGET_NAME)";
				PROVISIONING_PROFILE = "";
				WRAPPER_EXTENSION = app;
			};
			name = Debug;
		};
		265E06C03432322C33230F6A /* Release */ = {
			isa = XCBuildConfiguration;
			buildSettings = {
				BUNDLE_LOADER = "$(BUILT_PRODUCTS_DIR)/Budgey.app/Budgey";
				FRAMEWORK_SEARCH_PATHS = (
					"$(SDKROOT)/Developer/Library/Frameworks",
					"$(DEVELOPER_LIBRARY_DIR)/Frameworks",
				);
				GCC_PRECOMPILE_PREFIX_HEADER = YES;
				GCC_PREFIX_HEADER = "Budgey/Budgey-Prefix.pch";
				INFOPLIST_FILE = "BudgeyTests/BudgeyTests-Info.plist";
				PRODUCT_NAME = "$(TARGET_NAME)";
				TEST_HOST = "$(BUNDLE_LOADER)";
				WRAPPER_EXTENSION = octest;
			};
			name = Release;
		};
		265E06C03432322C33230F6B /* Debug */ = {
			isa = XCBuildConfiguration;
			buildSettings = {
				BUNDLE_LOADER = "$(BUILT_PRODUCTS_DIR)/Budgey.app/Budgey";
				FRAMEWORK_SEARCH_PATHS = (
					"$(SDKROOT)/Developer/Library/Frameworks",
					"$(DEVELOPER_LIBRARY_DIR)/Frameworks",
				);
				GCC_PRECOMPILE_PREFIX_HEADER = YES;
				GCC_PREFIX_HEADER = "Budgey/Budgey-Prefix.pch";
				INFOPLIST_FILE = "BudgeyTests/BudgeyTests-Info.plist";
				PRODUCT_NAME = "$(TARGET_NAME)";
				TEST_HOST = "$(BUNDLE_LOADER)";
				WRAPPER_EXTENSION = octest;
			};
			name = Debug;
		};
/* End XCBuildConfiguration section */

/* Begin XCConfigurationList section */
		265E06C03432322C33230F47 /* Build configuration list for PBXProject "Budgey" */ = {
			isa = XCConfigurationList;
			buildConfigurations = (
				265E06C03432322C33230F4A /* Release */,
				265E06C03432322C33230F4B /* Debug */,
			);
			defaultConfigurationIsVisible = 0;
			defaultConfigurationName = Release;
		};
		265E06C03432322C33230F4E /* Build configuration list for PBXNativeTarget "Budgey" */ = {
			isa = XCConfigurationList;
			buildConfigurations = (
				265E06C03432322C33230F4F /* Release */,
				265E06C03432322C33230F50 /* Debug */,
			);
			defaultConfigurationIsVisible = 0;
			defaultConfigurationName = Release;
		};
		265E06C03432322C33230F69 /* Build configuration list for PBXNativeTarget "BudgeyTests" */ = {
			isa = XCConfigurationList;
			buildConfigurations = (
				265E06C03432322C33230F6A /* Release */,
				265E06C03432322C33230F6B /* Debug */,
			);
			defaultConfigurationIsVisible = 0;
			defaultConfigurationName = Release;
		};
/* End XCConfigurationList section */

/* Begin XCVersionGroup section */
		7AFBD2DF15968C4900C875AB /* Budgey.xcdatamodeld */ = {
			isa = XCVersionGroup;
			children = (
				7AFBD2E015968C4900C875AB /* Budgey.xcdatamodel */,
			);
			currentVersion = 7AFBD2E015968C4900C875AB /* Budgey.xcdatamodel */;
			path = Budgey.xcdatamodeld;
			sourceTree = "<group>";
			versionGroupType = wrapper.xcdatamodel;
		};
/* End XCVersionGroup section */
	};
	rootObject = 265E06C03432322C33230F46 /* Project object */;
}
