// !$*UTF8*$!
{
	archiveVersion = 1;
	classes = {
	};
	objectVersion = 46;
	objects = {

/* Begin PBXBuildFile section */
		265E06C03432322C33230F56 /* UIKit.framework in Frameworks */ = {isa = PBXBuildFile; fileRef = 265E06C03432322C33230F55 /* UIKit.framework */; };
		265E06C03432322C33230F58 /* Foundation.framework in Frameworks */ = {isa = PBXBuildFile; fileRef = 265E06C03432322C33230F57 /* Foundation.framework */; };
		265E06C03432322C33230F5A /* CoreGraphics.framework in Frameworks */ = {isa = PBXBuildFile; fileRef = 265E06C03432322C33230F59 /* CoreGraphics.framework */; };
		265E06C03432322C33230F60 /* InfoPlist.strings in Resources */ = {isa = PBXBuildFile; fileRef = 265E06C03432322C33230F5F /* InfoPlist.strings */; };
		265E06C03432322C33230F62 /* main.m in Sources */ = {isa = PBXBuildFile; fileRef = 265E06C03432322C33230F61 /* main.m */; };
		265E06C03432322C33230F66 /* AppDelegate.m in Sources */ = {isa = PBXBuildFile; fileRef = 265E06C03432322C33230F65 /* AppDelegate.m */; };
		265E06C03432322C33230F71 /* SenTestingKit.framework in Frameworks */ = {isa = PBXBuildFile; fileRef = 265E06C03432322C33230F70 /* SenTestingKit.framework */; };
		265E06C03432322C33230F72 /* UIKit.framework in Frameworks */ = {isa = PBXBuildFile; fileRef = 265E06C03432322C33230F55 /* UIKit.framework */; };
		265E06C03432322C33230F73 /* Foundation.framework in Frameworks */ = {isa = PBXBuildFile; fileRef = 265E06C03432322C33230F57 /* Foundation.framework */; };
		265E06C03432322C33230F7B /* InfoPlist.strings in Resources */ = {isa = PBXBuildFile; fileRef = 265E06C03432322C33230F7A /* InfoPlist.strings */; };
		265E06C03432322C33230F7E /* (null) in Sources */ = {isa = PBXBuildFile; };
		265E06C03432322C33230F83 /* background.jpg in Resources */ = {isa = PBXBuildFile; fileRef = 265E06C03432322C33230F82 /* background.jpg */; };
		265E06C03432322C33230F85 /* background@2x.jpg in Resources */ = {isa = PBXBuildFile; fileRef = 265E06C03432322C33230F84 /* background@2x.jpg */; };
		265E06C03432322C33230F87 /* (null) in Sources */ = {isa = PBXBuildFile; };
		265E06C03432322C33230F90 /* MainViewController.m in Sources */ = {isa = PBXBuildFile; fileRef = 265E06C03432322C33230F8F /* MainViewController.m */; };
		265E06C03432322C33230F92 /* MainViewController.xib in Resources */ = {isa = PBXBuildFile; fileRef = 265E06C03432322C33230F91 /* MainViewController.xib */; };
		265E06C03432322C33230F94 /* BudgetListViewController.m in Sources */ = {isa = PBXBuildFile; fileRef = 265E06C03432322C33230F93 /* BudgetListViewController.m */; };
		265E06C03432322C33230F97 /* BGCategoryStore.m in Sources */ = {isa = PBXBuildFile; fileRef = 265E06C03432322C33230F96 /* BGCategoryStore.m */; };
		265E06C03432322C33230F9A /* header.png in Resources */ = {isa = PBXBuildFile; fileRef = 265E06C03432322C33230F99 /* header.png */; };
		265E06C03432322C33230F9C /* header@2x.png in Resources */ = {isa = PBXBuildFile; fileRef = 265E06C03432322C33230F9B /* header@2x.png */; };
		265E06C03432322C33230FA0 /* (null) in Resources */ = {isa = PBXBuildFile; };
		265E06C03432322C33230FA2 /* BGColorUtil.m in Sources */ = {isa = PBXBuildFile; fileRef = 265E06C03432322C33230FA1 /* BGColorUtil.m */; };
		265E06C03432322C33230FA5 /* footer.png in Resources */ = {isa = PBXBuildFile; fileRef = 265E06C03432322C33230FA4 /* footer.png */; };
		265E06C03432322C33230FA7 /* footer@2x.png in Resources */ = {isa = PBXBuildFile; fileRef = 265E06C03432322C33230FA6 /* footer@2x.png */; };
		7AD41DE01584657E003E7926 /* BudgetTableCell.xib in Resources */ = {isa = PBXBuildFile; fileRef = 7AD41DDF1584657E003E7926 /* BudgetTableCell.xib */; };
		7AECD39E158458E1002EA79C /* BudgetFooterView.xib in Resources */ = {isa = PBXBuildFile; fileRef = 7AECD39D158458E1002EA79C /* BudgetFooterView.xib */; };
		7AF397361584501B0023B057 /* BudgetHeaderView.xib in Resources */ = {isa = PBXBuildFile; fileRef = 7AF397351584501B0023B057 /* BudgetHeaderView.xib */; };
		7AF397361584501B0023B059 /* rounded_button.png in Resources */ = {isa = PBXBuildFile; fileRef = 7AF397361584501B0023B058 /* rounded_button.png */; };
		7AF397361584501B0023B05C /* LSInjector.m in Sources */ = {isa = PBXBuildFile; fileRef = 7AF397361584501B0023B05B /* LSInjector.m */; };
		7AF397361584501B0023B05F /* TestLSInjector.m in Sources */ = {isa = PBXBuildFile; fileRef = 7AF397361584501B0023B05E /* TestLSInjector.m */; };
		7AF397361584501B0023B061 /* BGTabBarController.m in Sources */ = {isa = PBXBuildFile; fileRef = 7AF397361584501B0023B060 /* BGTabBarController.m */; };
		7AF397361584501B0023B064 /* capture-button.png in Resources */ = {isa = PBXBuildFile; fileRef = 7AF397361584501B0023B063 /* capture-button.png */; };
		7AF397361584501B0023B066 /* capture-button@2x.png in Resources */ = {isa = PBXBuildFile; fileRef = 7AF397361584501B0023B065 /* capture-button@2x.png */; };
		7AF397361584501B0023B068 /* 162-receipt.png in Resources */ = {isa = PBXBuildFile; fileRef = 7AF397361584501B0023B067 /* 162-receipt.png */; };
		7AF397361584501B0023B06A /* 162-receipt@2x.png in Resources */ = {isa = PBXBuildFile; fileRef = 7AF397361584501B0023B069 /* 162-receipt@2x.png */; };
		7AF397361584501B0023B06E /* (null) in Resources */ = {isa = PBXBuildFile; };
		7AF397361584501B0023B070 /* 119-piggy-bank.png in Resources */ = {isa = PBXBuildFile; fileRef = 7AF397361584501B0023B06F /* 119-piggy-bank.png */; };
		7AF397361584501B0023B072 /* 119-piggy-bank@2x.png in Resources */ = {isa = PBXBuildFile; fileRef = 7AF397361584501B0023B071 /* 119-piggy-bank@2x.png */; };
		7AF397361584501B0023B074 /* 172-pricetag.png in Resources */ = {isa = PBXBuildFile; fileRef = 7AF397361584501B0023B073 /* 172-pricetag.png */; };
		7AF397361584501B0023B076 /* 172-pricetag@2x.png in Resources */ = {isa = PBXBuildFile; fileRef = 7AF397361584501B0023B075 /* 172-pricetag@2x.png */; };
		7AF397361584501B0023B078 /* BudgetViewController.m in Sources */ = {isa = PBXBuildFile; fileRef = 7AF397361584501B0023B077 /* BudgetViewController.m */; };
		7AF397361584501B0023B07B /* Museo900-Regular.otf in Resources */ = {isa = PBXBuildFile; fileRef = 7AF397361584501B0023B07A /* Museo900-Regular.otf */; };
		7AF397361584501B0023B07D /* tab-bar.png in Resources */ = {isa = PBXBuildFile; fileRef = 7AF397361584501B0023B07C /* tab-bar.png */; };
		7AF397361584501B0023B07F /* tab-bar@2x.png in Resources */ = {isa = PBXBuildFile; fileRef = 7AF397361584501B0023B07E /* tab-bar@2x.png */; };
		7AF397361584501B0023B081 /* navigation-bar.png in Resources */ = {isa = PBXBuildFile; fileRef = 7AF397361584501B0023B080 /* navigation-bar.png */; };
		7AF397361584501B0023B083 /* navigation-bar@2x.png in Resources */ = {isa = PBXBuildFile; fileRef = 7AF397361584501B0023B082 /* navigation-bar@2x.png */; };
		7AF397361584501B0023B085 /* 83-calendar.png in Resources */ = {isa = PBXBuildFile; fileRef = 7AF397361584501B0023B084 /* 83-calendar.png */; };
		7AF397361584501B0023B087 /* 83-calendar@2x.png in Resources */ = {isa = PBXBuildFile; fileRef = 7AF397361584501B0023B086 /* 83-calendar@2x.png */; };
/* End PBXBuildFile section */

/* Begin PBXContainerItemProxy section */
		265E06C03432322C33230F74 /* PBXContainerItemProxy */ = {
			isa = PBXContainerItemProxy;
			containerPortal = 265E06C03432322C33230F46 /* Project object */;
			proxyType = 1;
			remoteGlobalIDString = 265E06C03432322C33230F4D;
			remoteInfo = Budgey;
		};
/* End PBXContainerItemProxy section */

/* Begin PBXFileReference section */
		265E06C03432322C33230F4C /* Budgey.app */ = {isa = PBXFileReference; explicitFileType = wrapper.application; includeInIndex = 0; path = Budgey.app; sourceTree = BUILT_PRODUCTS_DIR; };
		265E06C03432322C33230F55 /* UIKit.framework */ = {isa = PBXFileReference; lastKnownFileType = wrapper.framework; name = UIKit.framework; path = System/Library/Frameworks/UIKit.framework; sourceTree = SDKROOT; };
		265E06C03432322C33230F57 /* Foundation.framework */ = {isa = PBXFileReference; lastKnownFileType = wrapper.framework; name = Foundation.framework; path = System/Library/Frameworks/Foundation.framework; sourceTree = SDKROOT; };
		265E06C03432322C33230F59 /* CoreGraphics.framework */ = {isa = PBXFileReference; lastKnownFileType = wrapper.framework; name = CoreGraphics.framework; path = System/Library/Frameworks/CoreGraphics.framework; sourceTree = SDKROOT; };
		265E06C03432322C33230F5D /* Budgey-Info.plist */ = {isa = PBXFileReference; lastKnownFileType = text.plist.info; path = "Budgey-Info.plist"; sourceTree = "<group>"; };
		265E06C03432322C33230F5E /* en */ = {isa = PBXFileReference; lastKnownFileType = text.plist.strings; name = en; path = en.lproj/InfoPlist.strings; sourceTree = "<group>"; };
		265E06C03432322C33230F61 /* main.m */ = {isa = PBXFileReference; lastKnownFileType = sourcecode.c.objc; path = main.m; sourceTree = "<group>"; };
		265E06C03432322C33230F63 /* Budgey-Prefix.pch */ = {isa = PBXFileReference; lastKnownFileType = sourcecode.c.h; path = "Budgey-Prefix.pch"; sourceTree = "<group>"; };
		265E06C03432322C33230F64 /* AppDelegate.h */ = {isa = PBXFileReference; lastKnownFileType = sourcecode.c.h; path = AppDelegate.h; sourceTree = "<group>"; };
		265E06C03432322C33230F65 /* AppDelegate.m */ = {isa = PBXFileReference; lastKnownFileType = sourcecode.c.objc; path = AppDelegate.m; sourceTree = "<group>"; };
		265E06C03432322C33230F67 /* BudgeyTests.octest */ = {isa = PBXFileReference; explicitFileType = wrapper.cfbundle; includeInIndex = 0; path = BudgeyTests.octest; sourceTree = BUILT_PRODUCTS_DIR; };
		265E06C03432322C33230F70 /* SenTestingKit.framework */ = {isa = PBXFileReference; lastKnownFileType = wrapper.framework; name = SenTestingKit.framework; path = Library/Frameworks/SenTestingKit.framework; sourceTree = DEVELOPER_DIR; };
		265E06C03432322C33230F78 /* BudgeyTests-Info.plist */ = {isa = PBXFileReference; lastKnownFileType = text.plist.info; path = "BudgeyTests-Info.plist"; sourceTree = "<group>"; };
		265E06C03432322C33230F79 /* en */ = {isa = PBXFileReference; lastKnownFileType = text.plist.strings; name = en; path = en.lproj/InfoPlist.strings; sourceTree = "<group>"; };
		265E06C03432322C33230F82 /* background.jpg */ = {isa = PBXFileReference; lastKnownFileType = image.jpeg; path = background.jpg; sourceTree = "<group>"; };
		265E06C03432322C33230F84 /* background@2x.jpg */ = {isa = PBXFileReference; lastKnownFileType = image.jpeg; path = "background@2x.jpg"; sourceTree = "<group>"; };
		265E06C03432322C33230F8E /* MainViewController.h */ = {isa = PBXFileReference; fileEncoding = 4; lastKnownFileType = sourcecode.c.h; path = MainViewController.h; sourceTree = "<group>"; };
		265E06C03432322C33230F8F /* MainViewController.m */ = {isa = PBXFileReference; fileEncoding = 4; lastKnownFileType = sourcecode.c.objc; path = MainViewController.m; sourceTree = "<group>"; };
		265E06C03432322C33230F91 /* MainViewController.xib */ = {isa = PBXFileReference; lastKnownFileType = file.xib; path = MainViewController.xib; sourceTree = "<group>"; };
		265E06C03432322C33230F93 /* BudgetListViewController.m */ = {isa = PBXFileReference; fileEncoding = 4; lastKnownFileType = sourcecode.c.objc; path = BudgetListViewController.m; sourceTree = "<group>"; };
		265E06C03432322C33230F95 /* BudgetListViewController.h */ = {isa = PBXFileReference; fileEncoding = 4; lastKnownFileType = sourcecode.c.h; path = BudgetListViewController.h; sourceTree = "<group>"; };
		265E06C03432322C33230F96 /* BGCategoryStore.m */ = {isa = PBXFileReference; fileEncoding = 4; lastKnownFileType = sourcecode.c.objc; path = BGCategoryStore.m; sourceTree = "<group>"; };
		265E06C03432322C33230F98 /* BGCategoryStore.h */ = {isa = PBXFileReference; fileEncoding = 4; lastKnownFileType = sourcecode.c.h; path = BGCategoryStore.h; sourceTree = "<group>"; };
		265E06C03432322C33230F99 /* header.png */ = {isa = PBXFileReference; lastKnownFileType = image.png; path = header.png; sourceTree = "<group>"; };
		265E06C03432322C33230F9B /* header@2x.png */ = {isa = PBXFileReference; lastKnownFileType = image.png; path = "header@2x.png"; sourceTree = "<group>"; };
		265E06C03432322C33230FA1 /* BGColorUtil.m */ = {isa = PBXFileReference; fileEncoding = 4; lastKnownFileType = sourcecode.c.objc; path = BGColorUtil.m; sourceTree = "<group>"; };
		265E06C03432322C33230FA3 /* BGColorUtil.h */ = {isa = PBXFileReference; fileEncoding = 4; lastKnownFileType = sourcecode.c.h; path = BGColorUtil.h; sourceTree = "<group>"; };
		265E06C03432322C33230FA4 /* footer.png */ = {isa = PBXFileReference; lastKnownFileType = image.png; path = footer.png; sourceTree = "<group>"; };
		265E06C03432322C33230FA6 /* footer@2x.png */ = {isa = PBXFileReference; lastKnownFileType = image.png; path = "footer@2x.png"; sourceTree = "<group>"; };
		7AD41DDF1584657E003E7926 /* BudgetTableCell.xib */ = {isa = PBXFileReference; fileEncoding = 4; lastKnownFileType = file.xib; path = BudgetTableCell.xib; sourceTree = "<group>"; };
		7AECD39D158458E1002EA79C /* BudgetFooterView.xib */ = {isa = PBXFileReference; fileEncoding = 4; lastKnownFileType = file.xib; path = BudgetFooterView.xib; sourceTree = "<group>"; };
		7AF397351584501B0023B057 /* BudgetHeaderView.xib */ = {isa = PBXFileReference; fileEncoding = 4; lastKnownFileType = file.xib; path = BudgetHeaderView.xib; sourceTree = "<group>"; };
		7AF397361584501B0023B058 /* rounded_button.png */ = {isa = PBXFileReference; lastKnownFileType = image.png; path = rounded_button.png; sourceTree = "<group>"; };
		7AF397361584501B0023B05B /* LSInjector.m */ = {isa = PBXFileReference; fileEncoding = 4; lastKnownFileType = sourcecode.c.objc; path = LSInjector.m; sourceTree = "<group>"; };
		7AF397361584501B0023B05D /* LSInjector.h */ = {isa = PBXFileReference; fileEncoding = 4; lastKnownFileType = sourcecode.c.h; path = LSInjector.h; sourceTree = "<group>"; };
		7AF397361584501B0023B05E /* TestLSInjector.m */ = {isa = PBXFileReference; fileEncoding = 4; lastKnownFileType = sourcecode.c.objc; path = TestLSInjector.m; sourceTree = "<group>"; };
		7AF397361584501B0023B060 /* BGTabBarController.m */ = {isa = PBXFileReference; fileEncoding = 4; lastKnownFileType = sourcecode.c.objc; path = BGTabBarController.m; sourceTree = "<group>"; };
		7AF397361584501B0023B062 /* BGTabBarController.h */ = {isa = PBXFileReference; fileEncoding = 4; lastKnownFileType = sourcecode.c.h; path = BGTabBarController.h; sourceTree = "<group>"; };
		7AF397361584501B0023B063 /* capture-button.png */ = {isa = PBXFileReference; lastKnownFileType = image.png; path = "capture-button.png"; sourceTree = "<group>"; };
		7AF397361584501B0023B065 /* capture-button@2x.png */ = {isa = PBXFileReference; lastKnownFileType = image.png; path = "capture-button@2x.png"; sourceTree = "<group>"; };
		7AF397361584501B0023B067 /* 162-receipt.png */ = {isa = PBXFileReference; lastKnownFileType = image.png; path = "162-receipt.png"; sourceTree = "<group>"; };
		7AF397361584501B0023B069 /* 162-receipt@2x.png */ = {isa = PBXFileReference; lastKnownFileType = image.png; path = "162-receipt@2x.png"; sourceTree = "<group>"; };
		7AF397361584501B0023B06F /* 119-piggy-bank.png */ = {isa = PBXFileReference; lastKnownFileType = image.png; path = "119-piggy-bank.png"; sourceTree = "<group>"; };
		7AF397361584501B0023B071 /* 119-piggy-bank@2x.png */ = {isa = PBXFileReference; lastKnownFileType = image.png; path = "119-piggy-bank@2x.png"; sourceTree = "<group>"; };
		7AF397361584501B0023B073 /* 172-pricetag.png */ = {isa = PBXFileReference; lastKnownFileType = image.png; path = "172-pricetag.png"; sourceTree = "<group>"; };
		7AF397361584501B0023B075 /* 172-pricetag@2x.png */ = {isa = PBXFileReference; lastKnownFileType = image.png; path = "172-pricetag@2x.png"; sourceTree = "<group>"; };
		7AF397361584501B0023B077 /* BudgetViewController.m */ = {isa = PBXFileReference; fileEncoding = 4; lastKnownFileType = sourcecode.c.objc; path = BudgetViewController.m; sourceTree = "<group>"; };
		7AF397361584501B0023B079 /* BudgetViewController.h */ = {isa = PBXFileReference; fileEncoding = 4; lastKnownFileType = sourcecode.c.h; path = BudgetViewController.h; sourceTree = "<group>"; };
		7AF397361584501B0023B07A /* Museo900-Regular.otf */ = {isa = PBXFileReference; lastKnownFileType = file.otf; path = "Museo900-Regular.otf"; sourceTree = "<group>"; };
		7AF397361584501B0023B07C /* tab-bar.png */ = {isa = PBXFileReference; lastKnownFileType = image.png; path = "tab-bar.png"; sourceTree = "<group>"; };
		7AF397361584501B0023B07E /* tab-bar@2x.png */ = {isa = PBXFileReference; lastKnownFileType = image.png; path = "tab-bar@2x.png"; sourceTree = "<group>"; };
		7AF397361584501B0023B080 /* navigation-bar.png */ = {isa = PBXFileReference; lastKnownFileType = image.png; path = "navigation-bar.png"; sourceTree = "<group>"; };
		7AF397361584501B0023B082 /* navigation-bar@2x.png */ = {isa = PBXFileReference; lastKnownFileType = image.png; path = "navigation-bar@2x.png"; sourceTree = "<group>"; };
		7AF397361584501B0023B084 /* 83-calendar.png */ = {isa = PBXFileReference; lastKnownFileType = image.png; path = "83-calendar.png"; sourceTree = "<group>"; };
		7AF397361584501B0023B086 /* 83-calendar@2x.png */ = {isa = PBXFileReference; lastKnownFileType = image.png; path = "83-calendar@2x.png"; sourceTree = "<group>"; };
/* End PBXFileReference section */

/* Begin PBXFrameworksBuildPhase section */
		265E06C03432322C33230F52 /* Frameworks */ = {
			isa = PBXFrameworksBuildPhase;
			buildActionMask = 2147483647;
			files = (
				265E06C03432322C33230F56 /* UIKit.framework in Frameworks */,
				265E06C03432322C33230F58 /* Foundation.framework in Frameworks */,
				265E06C03432322C33230F5A /* CoreGraphics.framework in Frameworks */,
			);
			runOnlyForDeploymentPostprocessing = 0;
		};
		265E06C03432322C33230F6D /* Frameworks */ = {
			isa = PBXFrameworksBuildPhase;
			buildActionMask = 2147483647;
			files = (
				265E06C03432322C33230F71 /* SenTestingKit.framework in Frameworks */,
				265E06C03432322C33230F72 /* UIKit.framework in Frameworks */,
				265E06C03432322C33230F73 /* Foundation.framework in Frameworks */,
			);
			runOnlyForDeploymentPostprocessing = 0;
		};
/* End PBXFrameworksBuildPhase section */

/* Begin PBXGroup section */
		265E06C03432322C33230F48 = {
			isa = PBXGroup;
			children = (
				265E06C03432322C33230F49 /* Products */,
				265E06C03432322C33230F54 /* Frameworks */,
				265E06C03432322C33230F5B /* Budgey */,
				265E06C03432322C33230F76 /* BudgeyTests */,
			);
			sourceTree = "<group>";
		};
		265E06C03432322C33230F49 /* Products */ = {
			isa = PBXGroup;
			children = (
				265E06C03432322C33230F4C /* Budgey.app */,
				265E06C03432322C33230F67 /* BudgeyTests.octest */,
			);
			name = Products;
			sourceTree = "<group>";
		};
		265E06C03432322C33230F54 /* Frameworks */ = {
			isa = PBXGroup;
			children = (
				265E06C03432322C33230F70 /* SenTestingKit.framework */,
				265E06C03432322C33230F59 /* CoreGraphics.framework */,
				265E06C03432322C33230F57 /* Foundation.framework */,
				265E06C03432322C33230F55 /* UIKit.framework */,
			);
			name = Frameworks;
			sourceTree = "<group>";
		};
		265E06C03432322C33230F5B /* Budgey */ = {
			isa = PBXGroup;
			children = (
				7AF397361584501B0023B079 /* BudgetViewController.h */,
				7AF397361584501B0023B077 /* BudgetViewController.m */,
				7AF397361584501B0023B062 /* BGTabBarController.h */,
				7AF397361584501B0023B060 /* BGTabBarController.m */,
				265E06C03432322C33230FA3 /* BGColorUtil.h */,
				265E06C03432322C33230FA1 /* BGColorUtil.m */,
				265E06C03432322C33230F98 /* BGCategoryStore.h */,
				265E06C03432322C33230F96 /* BGCategoryStore.m */,
				265E06C03432322C33230F95 /* BudgetListViewController.h */,
				265E06C03432322C33230F93 /* BudgetListViewController.m */,
				265E06C03432322C33230F91 /* MainViewController.xib */,
				265E06C03432322C33230F8F /* MainViewController.m */,
				265E06C03432322C33230F8E /* MainViewController.h */,
				265E06C03432322C33230F65 /* AppDelegate.m */,
				265E06C03432322C33230F64 /* AppDelegate.h */,
				265E06C03432322C33230F5C /* Supporting Files */,
				265E06C03432322C33230F7F /* Assets */,
				7AF397351584501B0023B057 /* BudgetHeaderView.xib */,
				7AECD39D158458E1002EA79C /* BudgetFooterView.xib */,
				7AD41DDF1584657E003E7926 /* BudgetTableCell.xib */,
				7AF397361584501B0023B05A /* Injector */,
			);
			path = Budgey;
			sourceTree = "<group>";
		};
		265E06C03432322C33230F5C /* Supporting Files */ = {
			isa = PBXGroup;
			children = (
				265E06C03432322C33230F63 /* Budgey-Prefix.pch */,
				265E06C03432322C33230F61 /* main.m */,
				265E06C03432322C33230F5F /* InfoPlist.strings */,
				265E06C03432322C33230F5D /* Budgey-Info.plist */,
			);
			name = "Supporting Files";
			sourceTree = "<group>";
		};
		265E06C03432322C33230F76 /* BudgeyTests */ = {
			isa = PBXGroup;
			children = (
				7AF397361584501B0023B05E /* TestLSInjector.m */,
				265E06C03432322C33230F77 /* Supporting Files */,
			);
			path = BudgeyTests;
			sourceTree = "<group>";
		};
		265E06C03432322C33230F77 /* Supporting Files */ = {
			isa = PBXGroup;
			children = (
				265E06C03432322C33230F7A /* InfoPlist.strings */,
				265E06C03432322C33230F78 /* BudgeyTests-Info.plist */,
			);
			name = "Supporting Files";
			sourceTree = "<group>";
		};
		265E06C03432322C33230F7F /* Assets */ = {
			isa = PBXGroup;
			children = (
				7AF397361584501B0023B086 /* 83-calendar@2x.png */,
				7AF397361584501B0023B084 /* 83-calendar.png */,
				7AF397361584501B0023B082 /* navigation-bar@2x.png */,
				7AF397361584501B0023B080 /* navigation-bar.png */,
				7AF397361584501B0023B07E /* tab-bar@2x.png */,
				7AF397361584501B0023B07C /* tab-bar.png */,
				7AF397361584501B0023B07A /* Museo900-Regular.otf */,
				7AF397361584501B0023B075 /* 172-pricetag@2x.png */,
				7AF397361584501B0023B073 /* 172-pricetag.png */,
				7AF397361584501B0023B071 /* 119-piggy-bank@2x.png */,
				7AF397361584501B0023B06F /* 119-piggy-bank.png */,
				7AF397361584501B0023B069 /* 162-receipt@2x.png */,
				7AF397361584501B0023B067 /* 162-receipt.png */,
				7AF397361584501B0023B065 /* capture-button@2x.png */,
				7AF397361584501B0023B063 /* capture-button.png */,
				7AF397361584501B0023B058 /* rounded_button.png */,
				265E06C03432322C33230FA6 /* footer@2x.png */,
				265E06C03432322C33230FA4 /* footer.png */,
				265E06C03432322C33230F9B /* header@2x.png */,
				265E06C03432322C33230F99 /* header.png */,
				265E06C03432322C33230F84 /* background@2x.jpg */,
				265E06C03432322C33230F82 /* background.jpg */,
			);
			name = Assets;
			sourceTree = "<group>";
		};
		7AF397361584501B0023B05A /* Injector */ = {
			isa = PBXGroup;
			children = (
				7AF397361584501B0023B05D /* LSInjector.h */,
				7AF397361584501B0023B05B /* LSInjector.m */,
			);
			path = Injector;
			sourceTree = "<group>";
		};
/* End PBXGroup section */

/* Begin PBXNativeTarget section */
		265E06C03432322C33230F4D /* Budgey */ = {
			isa = PBXNativeTarget;
			buildConfigurationList = 265E06C03432322C33230F4E /* Build configuration list for PBXNativeTarget "Budgey" */;
			buildPhases = (
				265E06C03432322C33230F51 /* Sources */,
				265E06C03432322C33230F52 /* Frameworks */,
				265E06C03432322C33230F53 /* Resources */,
			);
			buildRules = (
			);
			dependencies = (
			);
			name = Budgey;
			productName = Budgey;
			productReference = 265E06C03432322C33230F4C /* Budgey.app */;
			productType = "com.apple.product-type.application";
		};
		265E06C03432322C33230F68 /* BudgeyTests */ = {
			isa = PBXNativeTarget;
			buildConfigurationList = 265E06C03432322C33230F69 /* Build configuration list for PBXNativeTarget "BudgeyTests" */;
			buildPhases = (
				265E06C03432322C33230F6C /* Sources */,
				265E06C03432322C33230F6D /* Frameworks */,
				265E06C03432322C33230F6E /* Resources */,
				265E06C03432322C33230F6F /* ShellScript */,
			);
			buildRules = (
			);
			dependencies = (
				265E06C03432322C33230F75 /* PBXTargetDependency */,
			);
			name = BudgeyTests;
			productName = BudgeyTests;
			productReference = 265E06C03432322C33230F67 /* BudgeyTests.octest */;
			productType = "com.apple.product-type.bundle";
		};
/* End PBXNativeTarget section */

/* Begin PBXProject section */
		265E06C03432322C33230F46 /* Project object */ = {
			isa = PBXProject;
			buildConfigurationList = 265E06C03432322C33230F47 /* Build configuration list for PBXProject "Budgey" */;
			compatibilityVersion = "Xcode 3.2";
			developmentRegion = English;
			hasScannedForEncodings = 0;
			knownRegions = (
				en,
			);
			mainGroup = 265E06C03432322C33230F48;
			productRefGroup = 265E06C03432322C33230F49 /* Products */;
			projectDirPath = "";
			projectRoot = "";
			targets = (
				265E06C03432322C33230F4D /* Budgey */,
				265E06C03432322C33230F68 /* BudgeyTests */,
			);
		};
/* End PBXProject section */

/* Begin PBXResourcesBuildPhase section */
		265E06C03432322C33230F53 /* Resources */ = {
			isa = PBXResourcesBuildPhase;
			buildActionMask = 2147483647;
			files = (
				265E06C03432322C33230F60 /* InfoPlist.strings in Resources */,
				265E06C03432322C33230F83 /* background.jpg in Resources */,
				265E06C03432322C33230F85 /* background@2x.jpg in Resources */,
				265E06C03432322C33230F92 /* MainViewController.xib in Resources */,
				265E06C03432322C33230F9A /* header.png in Resources */,
				265E06C03432322C33230F9C /* header@2x.png in Resources */,
				265E06C03432322C33230FA0 /* (null) in Resources */,
				265E06C03432322C33230FA5 /* footer.png in Resources */,
				265E06C03432322C33230FA7 /* footer@2x.png in Resources */,
				7AF397361584501B0023B057 /* BudgetHeaderView.xib in Resources */,
				7AECD39E158458E1002EA79C /* BudgetFooterView.xib in Resources */,
				7AF397361584501B0023B059 /* rounded_button.png in Resources */,
				7AD41DE01584657E003E7926 /* BudgetTableCell.xib in Resources */,
				7AF397361584501B0023B064 /* capture-button.png in Resources */,
				7AF397361584501B0023B066 /* capture-button@2x.png in Resources */,
				7AF397361584501B0023B068 /* 162-receipt.png in Resources */,
				7AF397361584501B0023B06A /* 162-receipt@2x.png in Resources */,
				7AF397361584501B0023B06E /* (null) in Resources */,
				7AF397361584501B0023B070 /* 119-piggy-bank.png in Resources */,
				7AF397361584501B0023B072 /* 119-piggy-bank@2x.png in Resources */,
				7AF397361584501B0023B074 /* 172-pricetag.png in Resources */,
				7AF397361584501B0023B076 /* 172-pricetag@2x.png in Resources */,
				7AF397361584501B0023B07B /* Museo900-Regular.otf in Resources */,
				7AF397361584501B0023B07D /* tab-bar.png in Resources */,
				7AF397361584501B0023B07F /* tab-bar@2x.png in Resources */,
				7AF397361584501B0023B081 /* navigation-bar.png in Resources */,
				7AF397361584501B0023B083 /* navigation-bar@2x.png in Resources */,
				7AF397361584501B0023B085 /* 83-calendar.png in Resources */,
				7AF397361584501B0023B087 /* 83-calendar@2x.png in Resources */,
			);
			runOnlyForDeploymentPostprocessing = 0;
		};
		265E06C03432322C33230F6E /* Resources */ = {
			isa = PBXResourcesBuildPhase;
			buildActionMask = 2147483647;
			files = (
				265E06C03432322C33230F7B /* InfoPlist.strings in Resources */,
			);
			runOnlyForDeploymentPostprocessing = 0;
		};
/* End PBXResourcesBuildPhase section */

/* Begin PBXShellScriptBuildPhase section */
		265E06C03432322C33230F6F /* ShellScript */ = {
			isa = PBXShellScriptBuildPhase;
			buildActionMask = 2147483647;
			files = (
			);
			inputPaths = (
			);
			outputPaths = (
			);
			runOnlyForDeploymentPostprocessing = 0;
			shellPath = /bin/sh;
			shellScript = "# Run the unit tests in this test bundle.\n\"${SYSTEM_DEVELOPER_DIR}/Tools/RunUnitTests\"\n";
		};
/* End PBXShellScriptBuildPhase section */

/* Begin PBXSourcesBuildPhase section */
		265E06C03432322C33230F51 /* Sources */ = {
			isa = PBXSourcesBuildPhase;
			buildActionMask = 2147483647;
			files = (
				265E06C03432322C33230F62 /* main.m in Sources */,
				265E06C03432322C33230F66 /* AppDelegate.m in Sources */,
				265E06C03432322C33230F87 /* (null) in Sources */,
				265E06C03432322C33230F90 /* MainViewController.m in Sources */,
				265E06C03432322C33230F94 /* BudgetListViewController.m in Sources */,
				265E06C03432322C33230F97 /* BGCategoryStore.m in Sources */,
				265E06C03432322C33230FA2 /* BGColorUtil.m in Sources */,
				7AF397361584501B0023B05C /* LSInjector.m in Sources */,
				7AF397361584501B0023B061 /* BGTabBarController.m in Sources */,
				7AF397361584501B0023B078 /* BudgetViewController.m in Sources */,
			);
			runOnlyForDeploymentPostprocessing = 0;
		};
		265E06C03432322C33230F6C /* Sources */ = {
			isa = PBXSourcesBuildPhase;
			buildActionMask = 2147483647;
			files = (
				265E06C03432322C33230F7E /* (null) in Sources */,
				7AF397361584501B0023B05F /* TestLSInjector.m in Sources */,
			);
			runOnlyForDeploymentPostprocessing = 0;
		};
/* End PBXSourcesBuildPhase section */

/* Begin PBXTargetDependency section */
		265E06C03432322C33230F75 /* PBXTargetDependency */ = {
			isa = PBXTargetDependency;
			target = 265E06C03432322C33230F4D /* Budgey */;
			targetProxy = 265E06C03432322C33230F74 /* PBXContainerItemProxy */;
		};
/* End PBXTargetDependency section */

/* Begin PBXVariantGroup section */
		265E06C03432322C33230F5F /* InfoPlist.strings */ = {
			isa = PBXVariantGroup;
			children = (
				265E06C03432322C33230F5E /* en */,
			);
			name = InfoPlist.strings;
			sourceTree = "<group>";
		};
		265E06C03432322C33230F7A /* InfoPlist.strings */ = {
			isa = PBXVariantGroup;
			children = (
				265E06C03432322C33230F79 /* en */,
			);
			name = InfoPlist.strings;
			sourceTree = "<group>";
		};
/* End PBXVariantGroup section */

/* Begin XCBuildConfiguration section */
		265E06C03432322C33230F4A /* Release */ = {
			isa = XCBuildConfiguration;
			buildSettings = {
				ALWAYS_SEARCH_USER_PATHS = NO;
				ARCHS = "$(ARCHS_STANDARD_32_BIT)";
				CLANG_ENABLE_OBJC_ARC = YES;
				"CODE_SIGN_IDENTITY[sdk=iphoneos*]" = "iPhone Developer";
				COPY_PHASE_STRIP = YES;
				GCC_C_LANGUAGE_STANDARD = gnu99;
				GCC_VERSION = com.apple.compilers.llvm.clang.1_0;
				GCC_WARN_ABOUT_RETURN_TYPE = YES;
				GCC_WARN_UNINITIALIZED_AUTOS = YES;
				GCC_WARN_UNUSED_VARIABLE = YES;
				IPHONEOS_DEPLOYMENT_TARGET = 5.1;
				OTHER_CFLAGS = "-DNS_BLOCK_ASSERTIONS=1";
				SDKROOT = iphoneos;
				VALIDATE_PRODUCT = YES;
			};
			name = Release;
		};
		265E06C03432322C33230F4B /* Debug */ = {
			isa = XCBuildConfiguration;
			buildSettings = {
				ALWAYS_SEARCH_USER_PATHS = NO;
				ARCHS = "$(ARCHS_STANDARD_32_BIT)";
				CLANG_ENABLE_OBJC_ARC = YES;
				"CODE_SIGN_IDENTITY[sdk=iphoneos*]" = "iPhone Developer";
				COPY_PHASE_STRIP = NO;
				GCC_C_LANGUAGE_STANDARD = gnu99;
				GCC_DYNAMIC_NO_PIC = NO;
				GCC_OPTIMIZATION_LEVEL = 0;
				GCC_PREPROCESSOR_DEFINITIONS = (
					"DEBUG=1",
					"$(inherited)",
				);
				GCC_SYMBOLS_PRIVATE_EXTERN = NO;
				GCC_VERSION = com.apple.compilers.llvm.clang.1_0;
				GCC_WARN_ABOUT_RETURN_TYPE = YES;
				GCC_WARN_UNINITIALIZED_AUTOS = YES;
				GCC_WARN_UNUSED_VARIABLE = YES;
				IPHONEOS_DEPLOYMENT_TARGET = 5.1;
				SDKROOT = iphoneos;
			};
			name = Debug;
		};
		265E06C03432322C33230F4F /* Release */ = {
			isa = XCBuildConfiguration;
			buildSettings = {
				GCC_PRECOMPILE_PREFIX_HEADER = YES;
				GCC_PREFIX_HEADER = "Budgey/Budgey-Prefix.pch";
				INFOPLIST_FILE = "Budgey/Budgey-Info.plist";
				PRODUCT_NAME = "$(TARGET_NAME)";
				WRAPPER_EXTENSION = app;
			};
			name = Release;
		};
		265E06C03432322C33230F50 /* Debug */ = {
			isa = XCBuildConfiguration;
			buildSettings = {
				GCC_PRECOMPILE_PREFIX_HEADER = YES;
				GCC_PREFIX_HEADER = "Budgey/Budgey-Prefix.pch";
				INFOPLIST_FILE = "Budgey/Budgey-Info.plist";
				PRODUCT_NAME = "$(TARGET_NAME)";
				WRAPPER_EXTENSION = app;
			};
			name = Debug;
		};
		265E06C03432322C33230F6A /* Release */ = {
			isa = XCBuildConfiguration;
			buildSettings = {
				BUNDLE_LOADER = "$(BUILT_PRODUCTS_DIR)/Budgey.app/Budgey";
				FRAMEWORK_SEARCH_PATHS = (
					"$(SDKROOT)/Developer/Library/Frameworks",
					"$(DEVELOPER_LIBRARY_DIR)/Frameworks",
				);
				GCC_PRECOMPILE_PREFIX_HEADER = YES;
				GCC_PREFIX_HEADER = "Budgey/Budgey-Prefix.pch";
				INFOPLIST_FILE = "BudgeyTests/BudgeyTests-Info.plist";
				PRODUCT_NAME = "$(TARGET_NAME)";
				TEST_HOST = "$(BUNDLE_LOADER)";
				WRAPPER_EXTENSION = octest;
			};
			name = Release;
		};
		265E06C03432322C33230F6B /* Debug */ = {
			isa = XCBuildConfiguration;
			buildSettings = {
				BUNDLE_LOADER = "$(BUILT_PRODUCTS_DIR)/Budgey.app/Budgey";
				FRAMEWORK_SEARCH_PATHS = (
					"$(SDKROOT)/Developer/Library/Frameworks",
					"$(DEVELOPER_LIBRARY_DIR)/Frameworks",
				);
				GCC_PRECOMPILE_PREFIX_HEADER = YES;
				GCC_PREFIX_HEADER = "Budgey/Budgey-Prefix.pch";
				INFOPLIST_FILE = "BudgeyTests/BudgeyTests-Info.plist";
				PRODUCT_NAME = "$(TARGET_NAME)";
				TEST_HOST = "$(BUNDLE_LOADER)";
				WRAPPER_EXTENSION = octest;
			};
			name = Debug;
		};
/* End XCBuildConfiguration section */

/* Begin XCConfigurationList section */
		265E06C03432322C33230F47 /* Build configuration list for PBXProject "Budgey" */ = {
			isa = XCConfigurationList;
			buildConfigurations = (
				265E06C03432322C33230F4A /* Release */,
				265E06C03432322C33230F4B /* Debug */,
			);
			defaultConfigurationIsVisible = 0;
			defaultConfigurationName = Release;
		};
		265E06C03432322C33230F4E /* Build configuration list for PBXNativeTarget "Budgey" */ = {
			isa = XCConfigurationList;
			buildConfigurations = (
				265E06C03432322C33230F4F /* Release */,
				265E06C03432322C33230F50 /* Debug */,
			);
			defaultConfigurationIsVisible = 0;
			defaultConfigurationName = Release;
		};
		265E06C03432322C33230F69 /* Build configuration list for PBXNativeTarget "BudgeyTests" */ = {
			isa = XCConfigurationList;
			buildConfigurations = (
				265E06C03432322C33230F6A /* Release */,
				265E06C03432322C33230F6B /* Debug */,
			);
			defaultConfigurationIsVisible = 0;
			defaultConfigurationName = Release;
		};
/* End XCConfigurationList section */
	};
	rootObject = 265E06C03432322C33230F46 /* Project object */;
}
